// !$*UTF8*$!
{
	archiveVersion = 1;
	classes = {
	};
	objectVersion = 50;
	objects = {

/* Begin PBXBuildFile section */
		691E999720914A070051B750 /* AppDelegate.swift in Sources */ = {isa = PBXBuildFile; fileRef = 691E999620914A070051B750 /* AppDelegate.swift */; };
		691E999E20914A090051B750 /* Assets.xcassets in Resources */ = {isa = PBXBuildFile; fileRef = 691E999D20914A090051B750 /* Assets.xcassets */; };
		691E99A920914A280051B750 /* LaunchScreen.xib in Resources */ = {isa = PBXBuildFile; fileRef = 691E99A820914A280051B750 /* LaunchScreen.xib */; };
		691E99B120914ADD0051B750 /* CircleView.swift in Sources */ = {isa = PBXBuildFile; fileRef = 691E99AC20914ADD0051B750 /* CircleView.swift */; };
		691E99B220914ADD0051B750 /* MainViewController.swift in Sources */ = {isa = PBXBuildFile; fileRef = 691E99AF20914ADD0051B750 /* MainViewController.swift */; };
		691E99B320914ADD0051B750 /* MainViewController.xib in Resources */ = {isa = PBXBuildFile; fileRef = 691E99B020914ADD0051B750 /* MainViewController.xib */; };
/* End PBXBuildFile section */

/* Begin PBXCopyFilesBuildPhase section */
		691E99F820914BA20051B750 /* Embed Frameworks */ = {
			isa = PBXCopyFilesBuildPhase;
			buildActionMask = 2147483647;
			dstPath = "";
			dstSubfolderSpec = 10;
			files = (
			);
			name = "Embed Frameworks";
			runOnlyForDeploymentPostprocessing = 0;
		};
/* End PBXCopyFilesBuildPhase section */

/* Begin PBXFileReference section */
		691E999320914A070051B750 /* SensitiveDemo.app */ = {isa = PBXFileReference; explicitFileType = wrapper.application; includeInIndex = 0; path = SensitiveDemo.app; sourceTree = BUILT_PRODUCTS_DIR; };
		691E999620914A070051B750 /* AppDelegate.swift */ = {isa = PBXFileReference; lastKnownFileType = sourcecode.swift; path = AppDelegate.swift; sourceTree = "<group>"; };
		691E999D20914A090051B750 /* Assets.xcassets */ = {isa = PBXFileReference; lastKnownFileType = folder.assetcatalog; path = Assets.xcassets; sourceTree = "<group>"; };
		691E99A220914A090051B750 /* Info.plist */ = {isa = PBXFileReference; lastKnownFileType = text.plist.xml; path = Info.plist; sourceTree = "<group>"; };
		691E99A820914A280051B750 /* LaunchScreen.xib */ = {isa = PBXFileReference; lastKnownFileType = file.xib; path = LaunchScreen.xib; sourceTree = "<group>"; };
		691E99AC20914ADD0051B750 /* CircleView.swift */ = {isa = PBXFileReference; fileEncoding = 4; lastKnownFileType = sourcecode.swift; path = CircleView.swift; sourceTree = "<group>"; };
		691E99AF20914ADD0051B750 /* MainViewController.swift */ = {isa = PBXFileReference; fileEncoding = 4; lastKnownFileType = sourcecode.swift; path = MainViewController.swift; sourceTree = "<group>"; };
		691E99B020914ADD0051B750 /* MainViewController.xib */ = {isa = PBXFileReference; fileEncoding = 4; lastKnownFileType = file.xib; path = MainViewController.xib; sourceTree = "<group>"; };
		691E99F920914BA50051B750 /* Sensitive.framework */ = {isa = PBXFileReference; lastKnownFileType = wrapper.framework; name = Sensitive.framework; path = "../../../../../../../Library/Developer/Xcode/DerivedData/Sensitive-fugipombtowwdugjqunofbnbpilz/Build/Products/Debug-iphoneos/Sensitive.framework"; sourceTree = "<group>"; };
/* End PBXFileReference section */

/* Begin PBXFrameworksBuildPhase section */
		691E999020914A070051B750 /* Frameworks */ = {
			isa = PBXFrameworksBuildPhase;
			buildActionMask = 2147483647;
			files = (
			);
			runOnlyForDeploymentPostprocessing = 0;
		};
/* End PBXFrameworksBuildPhase section */

/* Begin PBXGroup section */
		691E998A20914A070051B750 = {
			isa = PBXGroup;
			children = (
				691E999520914A070051B750 /* SensitiveDemo */,
				691E99F420914B8A0051B750 /* Framework */,
				691E999420914A070051B750 /* Products */,
			);
			sourceTree = "<group>";
		};
		691E999420914A070051B750 /* Products */ = {
			isa = PBXGroup;
			children = (
				691E999320914A070051B750 /* SensitiveDemo.app */,
			);
			name = Products;
			sourceTree = "<group>";
		};
		691E999520914A070051B750 /* SensitiveDemo */ = {
			isa = PBXGroup;
			children = (
				691E99AD20914ADD0051B750 /* ViewControllers */,
				691E99AA20914ADD0051B750 /* Views */,
				691E999620914A070051B750 /* AppDelegate.swift */,
				691E999D20914A090051B750 /* Assets.xcassets */,
				691E99A820914A280051B750 /* LaunchScreen.xib */,
				691E99A220914A090051B750 /* Info.plist */,
			);
			path = SensitiveDemo;
			sourceTree = "<group>";
		};
		691E99AA20914ADD0051B750 /* Views */ = {
			isa = PBXGroup;
			children = (
				691E99AB20914ADD0051B750 /* Circle */,
			);
			path = Views;
			sourceTree = SOURCE_ROOT;
		};
		691E99AB20914ADD0051B750 /* Circle */ = {
			isa = PBXGroup;
			children = (
				691E99AC20914ADD0051B750 /* CircleView.swift */,
			);
			path = Circle;
			sourceTree = "<group>";
		};
		691E99AD20914ADD0051B750 /* ViewControllers */ = {
			isa = PBXGroup;
			children = (
				691E99AE20914ADD0051B750 /* Main */,
			);
			path = ViewControllers;
			sourceTree = SOURCE_ROOT;
		};
		691E99AE20914ADD0051B750 /* Main */ = {
			isa = PBXGroup;
			children = (
				691E99AF20914ADD0051B750 /* MainViewController.swift */,
				691E99B020914ADD0051B750 /* MainViewController.xib */,
			);
			path = Main;
			sourceTree = "<group>";
		};
		691E99F420914B8A0051B750 /* Framework */ = {
			isa = PBXGroup;
			children = (
				691E99F920914BA50051B750 /* Sensitive.framework */,
			);
			path = Framework;
			sourceTree = "<group>";
		};
/* End PBXGroup section */

/* Begin PBXNativeTarget section */
		691E999220914A070051B750 /* SensitiveDemo */ = {
			isa = PBXNativeTarget;
			buildConfigurationList = 691E99A520914A090051B750 /* Build configuration list for PBXNativeTarget "SensitiveDemo" */;
			buildPhases = (
				691E998F20914A070051B750 /* Sources */,
				691E999020914A070051B750 /* Frameworks */,
				691E999120914A070051B750 /* Resources */,
				691E99F820914BA20051B750 /* Embed Frameworks */,
			);
			buildRules = (
			);
			dependencies = (
			);
			name = SensitiveDemo;
			productName = SensitiveDemo;
			productReference = 691E999320914A070051B750 /* SensitiveDemo.app */;
			productType = "com.apple.product-type.application";
		};
/* End PBXNativeTarget section */

/* Begin PBXProject section */
		691E998B20914A070051B750 /* Project object */ = {
			isa = PBXProject;
			attributes = {
				LastSwiftUpdateCheck = 0930;
				LastUpgradeCheck = 0930;
				ORGANIZATIONNAME = "Igor Matyushkin";
				TargetAttributes = {
					691E999220914A070051B750 = {
						CreatedOnToolsVersion = 9.3;
					};
				};
			};
			buildConfigurationList = 691E998E20914A070051B750 /* Build configuration list for PBXProject "SensitiveDemo" */;
			compatibilityVersion = "Xcode 9.3";
			developmentRegion = en;
			hasScannedForEncodings = 0;
			knownRegions = (
				en,
				Base,
			);
			mainGroup = 691E998A20914A070051B750;
			productRefGroup = 691E999420914A070051B750 /* Products */;
			projectDirPath = "";
			projectRoot = "";
			targets = (
				691E999220914A070051B750 /* SensitiveDemo */,
			);
		};
/* End PBXProject section */

/* Begin PBXResourcesBuildPhase section */
		691E999120914A070051B750 /* Resources */ = {
			isa = PBXResourcesBuildPhase;
			buildActionMask = 2147483647;
			files = (
				691E99A920914A280051B750 /* LaunchScreen.xib in Resources */,
				691E99B320914ADD0051B750 /* MainViewController.xib in Resources */,
				691E999E20914A090051B750 /* Assets.xcassets in Resources */,
			);
			runOnlyForDeploymentPostprocessing = 0;
		};
/* End PBXResourcesBuildPhase section */

/* Begin PBXSourcesBuildPhase section */
		691E998F20914A070051B750 /* Sources */ = {
			isa = PBXSourcesBuildPhase;
			buildActionMask = 2147483647;
			files = (
				691E99B220914ADD0051B750 /* MainViewController.swift in Sources */,
				691E99B120914ADD0051B750 /* CircleView.swift in Sources */,
				691E999720914A070051B750 /* AppDelegate.swift in Sources */,
			);
			runOnlyForDeploymentPostprocessing = 0;
		};
/* End PBXSourcesBuildPhase section */

/* Begin XCBuildConfiguration section */
		691E99A320914A090051B750 /* Debug */ = {
			isa = XCBuildConfiguration;
			buildSettings = {
				ALWAYS_SEARCH_USER_PATHS = NO;
				CLANG_ANALYZER_NONNULL = YES;
				CLANG_ANALYZER_NUMBER_OBJECT_CONVERSION = YES_AGGRESSIVE;
				CLANG_CXX_LANGUAGE_STANDARD = "gnu++14";
				CLANG_CXX_LIBRARY = "libc++";
				CLANG_ENABLE_MODULES = YES;
				CLANG_ENABLE_OBJC_ARC = YES;
				CLANG_ENABLE_OBJC_WEAK = YES;
				CLANG_WARN_BLOCK_CAPTURE_AUTORELEASING = YES;
				CLANG_WARN_BOOL_CONVERSION = YES;
				CLANG_WARN_COMMA = YES;
				CLANG_WARN_CONSTANT_CONVERSION = YES;
				CLANG_WARN_DEPRECATED_OBJC_IMPLEMENTATIONS = YES;
				CLANG_WARN_DIRECT_OBJC_ISA_USAGE = YES_ERROR;
				CLANG_WARN_DOCUMENTATION_COMMENTS = YES;
				CLANG_WARN_EMPTY_BODY = YES;
				CLANG_WARN_ENUM_CONVERSION = YES;
				CLANG_WARN_INFINITE_RECURSION = YES;
				CLANG_WARN_INT_CONVERSION = YES;
				CLANG_WARN_NON_LITERAL_NULL_CONVERSION = YES;
				CLANG_WARN_OBJC_IMPLICIT_RETAIN_SELF = YES;
				CLANG_WARN_OBJC_LITERAL_CONVERSION = YES;
				CLANG_WARN_OBJC_ROOT_CLASS = YES_ERROR;
				CLANG_WARN_RANGE_LOOP_ANALYSIS = YES;
				CLANG_WARN_STRICT_PROTOTYPES = YES;
				CLANG_WARN_SUSPICIOUS_MOVE = YES;
				CLANG_WARN_UNGUARDED_AVAILABILITY = YES_AGGRESSIVE;
				CLANG_WARN_UNREACHABLE_CODE = YES;
				CLANG_WARN__DUPLICATE_METHOD_MATCH = YES;
				CODE_SIGN_IDENTITY = "iPhone Developer";
				COPY_PHASE_STRIP = NO;
				DEBUG_INFORMATION_FORMAT = dwarf;
				ENABLE_STRICT_OBJC_MSGSEND = YES;
				ENABLE_TESTABILITY = YES;
				GCC_C_LANGUAGE_STANDARD = gnu11;
				GCC_DYNAMIC_NO_PIC = NO;
				GCC_NO_COMMON_BLOCKS = YES;
				GCC_OPTIMIZATION_LEVEL = 0;
				GCC_PREPROCESSOR_DEFINITIONS = (
					"DEBUG=1",
					"$(inherited)",
				);
				GCC_WARN_64_TO_32_BIT_CONVERSION = YES;
				GCC_WARN_ABOUT_RETURN_TYPE = YES_ERROR;
				GCC_WARN_UNDECLARED_SELECTOR = YES;
				GCC_WARN_UNINITIALIZED_AUTOS = YES_AGGRESSIVE;
				GCC_WARN_UNUSED_FUNCTION = YES;
				GCC_WARN_UNUSED_VARIABLE = YES;
				IPHONEOS_DEPLOYMENT_TARGET = 11.3;
				MTL_ENABLE_DEBUG_INFO = YES;
				ONLY_ACTIVE_ARCH = YES;
				SDKROOT = iphoneos;
				SWIFT_ACTIVE_COMPILATION_CONDITIONS = DEBUG;
				SWIFT_OPTIMIZATION_LEVEL = "-Onone";
			};
			name = Debug;
		};
		691E99A420914A090051B750 /* Release */ = {
			isa = XCBuildConfiguration;
			buildSettings = {
				ALWAYS_SEARCH_USER_PATHS = NO;
				CLANG_ANALYZER_NONNULL = YES;
				CLANG_ANALYZER_NUMBER_OBJECT_CONVERSION = YES_AGGRESSIVE;
				CLANG_CXX_LANGUAGE_STANDARD = "gnu++14";
				CLANG_CXX_LIBRARY = "libc++";
				CLANG_ENABLE_MODULES = YES;
				CLANG_ENABLE_OBJC_ARC = YES;
				CLANG_ENABLE_OBJC_WEAK = YES;
				CLANG_WARN_BLOCK_CAPTURE_AUTORELEASING = YES;
				CLANG_WARN_BOOL_CONVERSION = YES;
				CLANG_WARN_COMMA = YES;
				CLANG_WARN_CONSTANT_CONVERSION = YES;
				CLANG_WARN_DEPRECATED_OBJC_IMPLEMENTATIONS = YES;
				CLANG_WARN_DIRECT_OBJC_ISA_USAGE = YES_ERROR;
				CLANG_WARN_DOCUMENTATION_COMMENTS = YES;
				CLANG_WARN_EMPTY_BODY = YES;
				CLANG_WARN_ENUM_CONVERSION = YES;
				CLANG_WARN_INFINITE_RECURSION = YES;
				CLANG_WARN_INT_CONVERSION = YES;
				CLANG_WARN_NON_LITERAL_NULL_CONVERSION = YES;
				CLANG_WARN_OBJC_IMPLICIT_RETAIN_SELF = YES;
				CLANG_WARN_OBJC_LITERAL_CONVERSION = YES;
				CLANG_WARN_OBJC_ROOT_CLASS = YES_ERROR;
				CLANG_WARN_RANGE_LOOP_ANALYSIS = YES;
				CLANG_WARN_STRICT_PROTOTYPES = YES;
				CLANG_WARN_SUSPICIOUS_MOVE = YES;
				CLANG_WARN_UNGUARDED_AVAILABILITY = YES_AGGRESSIVE;
				CLANG_WARN_UNREACHABLE_CODE = YES;
				CLANG_WARN__DUPLICATE_METHOD_MATCH = YES;
				CODE_SIGN_IDENTITY = "iPhone Developer";
				COPY_PHASE_STRIP = NO;
				DEBUG_INFORMATION_FORMAT = "dwarf-with-dsym";
				ENABLE_NS_ASSERTIONS = NO;
				ENABLE_STRICT_OBJC_MSGSEND = YES;
				GCC_C_LANGUAGE_STANDARD = gnu11;
				GCC_NO_COMMON_BLOCKS = YES;
				GCC_WARN_64_TO_32_BIT_CONVERSION = YES;
				GCC_WARN_ABOUT_RETURN_TYPE = YES_ERROR;
				GCC_WARN_UNDECLARED_SELECTOR = YES;
				GCC_WARN_UNINITIALIZED_AUTOS = YES_AGGRESSIVE;
				GCC_WARN_UNUSED_FUNCTION = YES;
				GCC_WARN_UNUSED_VARIABLE = YES;
				IPHONEOS_DEPLOYMENT_TARGET = 11.3;
				MTL_ENABLE_DEBUG_INFO = NO;
				SDKROOT = iphoneos;
				SWIFT_COMPILATION_MODE = wholemodule;
				SWIFT_OPTIMIZATION_LEVEL = "-O";
				VALIDATE_PRODUCT = YES;
			};
			name = Release;
		};
		691E99A620914A090051B750 /* Debug */ = {
			isa = XCBuildConfiguration;
			buildSettings = {
				ASSETCATALOG_COMPILER_APPICON_NAME = AppIcon;
				CODE_SIGN_STYLE = Automatic;
				INFOPLIST_FILE = SensitiveDemo/Info.plist;
				IPHONEOS_DEPLOYMENT_TARGET = 9.0;
				LD_RUNPATH_SEARCH_PATHS = (
					"$(inherited)",
					"@executable_path/Frameworks",
				);
				PRODUCT_BUNDLE_IDENTIFIER = com.visuality.SensitiveDemo;
				PRODUCT_NAME = "$(TARGET_NAME)";
				SWIFT_VERSION = 4.0;
				TARGETED_DEVICE_FAMILY = "1,2";
			};
			name = Debug;
		};
		691E99A720914A090051B750 /* Release */ = {
			isa = XCBuildConfiguration;
			buildSettings = {
				ASSETCATALOG_COMPILER_APPICON_NAME = AppIcon;
				CODE_SIGN_STYLE = Automatic;
				INFOPLIST_FILE = SensitiveDemo/Info.plist;
				IPHONEOS_DEPLOYMENT_TARGET = 9.0;
				LD_RUNPATH_SEARCH_PATHS = (
					"$(inherited)",
					"@executable_path/Frameworks",
				);
				PRODUCT_BUNDLE_IDENTIFIER = com.visuality.SensitiveDemo;
				PRODUCT_NAME = "$(TARGET_NAME)";
				SWIFT_VERSION = 4.0;
				TARGETED_DEVICE_FAMILY = "1,2";
			};
			name = Release;
		};
/* End XCBuildConfiguration section */

/* Begin XCConfigurationList section */
		691E998E20914A070051B750 /* Build configuration list for PBXProject "SensitiveDemo" */ = {
			isa = XCConfigurationList;
			buildConfigurations = (
				691E99A320914A090051B750 /* Debug */,
				691E99A420914A090051B750 /* Release */,
			);
			defaultConfigurationIsVisible = 0;
			defaultConfigurationName = Release;
		};
		691E99A520914A090051B750 /* Build configuration list for PBXNativeTarget "SensitiveDemo" */ = {
			isa = XCConfigurationList;
			buildConfigurations = (
				691E99A620914A090051B750 /* Debug */,
				691E99A720914A090051B750 /* Release */,
			);
			defaultConfigurationIsVisible = 0;
			defaultConfigurationName = Release;
		};
/* End XCConfigurationList section */
	};
	rootObject = 691E998B20914A070051B750 /* Project object */;
}
