// !$*UTF8*$!
{
	archiveVersion = 1;
	classes = {
	};
	objectVersion = 46;
	objects = {

/* Begin PBXBuildFile section */
		694D5BB71BF020E9007D0EAA /* AppDelegate.swift in Sources */ = {isa = PBXBuildFile; fileRef = 694D5BB61BF020E9007D0EAA /* AppDelegate.swift */; };
		694D5BBE1BF020EA007D0EAA /* Assets.xcassets in Resources */ = {isa = PBXBuildFile; fileRef = 694D5BBD1BF020EA007D0EAA /* Assets.xcassets */; };
		694D5BC11BF020EA007D0EAA /* LaunchScreen.storyboard in Resources */ = {isa = PBXBuildFile; fileRef = 694D5BBF1BF020EA007D0EAA /* LaunchScreen.storyboard */; };
		694D5BCC1BF020EA007D0EAA /* SensitiveDemoTests.swift in Sources */ = {isa = PBXBuildFile; fileRef = 694D5BCB1BF020EA007D0EAA /* SensitiveDemoTests.swift */; };
		694D5BD71BF020EA007D0EAA /* SensitiveDemoUITests.swift in Sources */ = {isa = PBXBuildFile; fileRef = 694D5BD61BF020EA007D0EAA /* SensitiveDemoUITests.swift */; };
		695A3D281BF15E18008E3B45 /* UIViewExtensionGestures.swift in Sources */ = {isa = PBXBuildFile; fileRef = 695A3D271BF15E18008E3B45 /* UIViewExtensionGestures.swift */; };
		695A3D351BF168CC008E3B45 /* MainViewController.swift in Sources */ = {isa = PBXBuildFile; fileRef = 695A3D301BF168CC008E3B45 /* MainViewController.swift */; };
		695A3D361BF168CC008E3B45 /* MainViewController.xib in Resources */ = {isa = PBXBuildFile; fileRef = 695A3D311BF168CC008E3B45 /* MainViewController.xib */; };
		697A75321BF1708500229272 /* UIColorExtensionListOfColors.swift in Sources */ = {isa = PBXBuildFile; fileRef = 697A75311BF1708500229272 /* UIColorExtensionListOfColors.swift */; };
		69853B231C2239AD00F32102 /* SNTapGestureRecognizer.swift in Sources */ = {isa = PBXBuildFile; fileRef = 69853B221C2239AD00F32102 /* SNTapGestureRecognizer.swift */; };
		69853B251C2239C400F32102 /* SNTapGestureRecognizerHandlerBlock.swift in Sources */ = {isa = PBXBuildFile; fileRef = 69853B241C2239C400F32102 /* SNTapGestureRecognizerHandlerBlock.swift */; };
		69853B271C223B5400F32102 /* SNTapGestureRecognizerHandler.swift in Sources */ = {isa = PBXBuildFile; fileRef = 69853B261C223B5400F32102 /* SNTapGestureRecognizerHandler.swift */; };
		69A1D5D71C39D91200ED2B7A /* CircleView.swift in Sources */ = {isa = PBXBuildFile; fileRef = 69A1D5D61C39D91200ED2B7A /* CircleView.swift */; };
		69A1D5D91C39DFDA00ED2B7A /* SNPanGestureRecognizer.swift in Sources */ = {isa = PBXBuildFile; fileRef = 69A1D5D81C39DFDA00ED2B7A /* SNPanGestureRecognizer.swift */; };
		69A1D5DB1C39E04100ED2B7A /* SNPanGestureRecognizerHandler.swift in Sources */ = {isa = PBXBuildFile; fileRef = 69A1D5DA1C39E04100ED2B7A /* SNPanGestureRecognizerHandler.swift */; };
		69A1D5DD1C39E07000ED2B7A /* SNPanGestureRecognizerHandlerBlock.swift in Sources */ = {isa = PBXBuildFile; fileRef = 69A1D5DC1C39E07000ED2B7A /* SNPanGestureRecognizerHandlerBlock.swift */; };
		69A1D5DF1C39E0D300ED2B7A /* SNPinchGestureRecognizer.swift in Sources */ = {isa = PBXBuildFile; fileRef = 69A1D5DE1C39E0D300ED2B7A /* SNPinchGestureRecognizer.swift */; };
		69A1D5E11C39E10000ED2B7A /* SNPinchGestureRecognizerHandler.swift in Sources */ = {isa = PBXBuildFile; fileRef = 69A1D5E01C39E10000ED2B7A /* SNPinchGestureRecognizerHandler.swift */; };
		69A1D5E31C39E12800ED2B7A /* SNPinchGestureRecognizerHandlerBlock.swift in Sources */ = {isa = PBXBuildFile; fileRef = 69A1D5E21C39E12800ED2B7A /* SNPinchGestureRecognizerHandlerBlock.swift */; };
		69A1D5E51C39E15F00ED2B7A /* SNRotationGestureRecognizer.swift in Sources */ = {isa = PBXBuildFile; fileRef = 69A1D5E41C39E15F00ED2B7A /* SNRotationGestureRecognizer.swift */; };
		69A1D5E71C39E18F00ED2B7A /* SNRotationGestureRecognizerHandler.swift in Sources */ = {isa = PBXBuildFile; fileRef = 69A1D5E61C39E18F00ED2B7A /* SNRotationGestureRecognizerHandler.swift */; };
		69A1D5E91C39E1B100ED2B7A /* SNRotationGestureRecognizerHandlerBlock.swift in Sources */ = {isa = PBXBuildFile; fileRef = 69A1D5E81C39E1B100ED2B7A /* SNRotationGestureRecognizerHandlerBlock.swift */; };
		69A1D5EB1C39E1D800ED2B7A /* SNSwipeGestureRecognizer.swift in Sources */ = {isa = PBXBuildFile; fileRef = 69A1D5EA1C39E1D800ED2B7A /* SNSwipeGestureRecognizer.swift */; };
		69A1D5ED1C39E20B00ED2B7A /* SNSwipeGestureRecognizerHandler.swift in Sources */ = {isa = PBXBuildFile; fileRef = 69A1D5EC1C39E20B00ED2B7A /* SNSwipeGestureRecognizerHandler.swift */; };
		69A1D5EF1C39E23B00ED2B7A /* SNSwipeGestureRecognizerHandlerBlock.swift in Sources */ = {isa = PBXBuildFile; fileRef = 69A1D5EE1C39E23B00ED2B7A /* SNSwipeGestureRecognizerHandlerBlock.swift */; };
		69A1D5F11C39E5C500ED2B7A /* SNTapGestureRecognizerConfigurationBlock.swift in Sources */ = {isa = PBXBuildFile; fileRef = 69A1D5F01C39E5C500ED2B7A /* SNTapGestureRecognizerConfigurationBlock.swift */; };
		69A1D5F31C39E63600ED2B7A /* SNPanGestureRecognizerConfigurationBlock.swift in Sources */ = {isa = PBXBuildFile; fileRef = 69A1D5F21C39E63600ED2B7A /* SNPanGestureRecognizerConfigurationBlock.swift */; };
		69A1D5F51C39E66200ED2B7A /* SNPinchGestureRecognizerConfigurationBlock.swift in Sources */ = {isa = PBXBuildFile; fileRef = 69A1D5F41C39E66200ED2B7A /* SNPinchGestureRecognizerConfigurationBlock.swift */; };
		69A1D5F71C39E69300ED2B7A /* SNRotationGestureRecognizerConfigurationBlock.swift in Sources */ = {isa = PBXBuildFile; fileRef = 69A1D5F61C39E69300ED2B7A /* SNRotationGestureRecognizerConfigurationBlock.swift */; };
		69A1D5F91C39E6BD00ED2B7A /* SNSwipeGestureRecognizerConfigurationBlock.swift in Sources */ = {isa = PBXBuildFile; fileRef = 69A1D5F81C39E6BD00ED2B7A /* SNSwipeGestureRecognizerConfigurationBlock.swift */; };
/* End PBXBuildFile section */

/* Begin PBXContainerItemProxy section */
		694D5BC81BF020EA007D0EAA /* PBXContainerItemProxy */ = {
			isa = PBXContainerItemProxy;
			containerPortal = 694D5BAB1BF020E9007D0EAA /* Project object */;
			proxyType = 1;
			remoteGlobalIDString = 694D5BB21BF020E9007D0EAA;
			remoteInfo = SensitiveDemo;
		};
		694D5BD31BF020EA007D0EAA /* PBXContainerItemProxy */ = {
			isa = PBXContainerItemProxy;
			containerPortal = 694D5BAB1BF020E9007D0EAA /* Project object */;
			proxyType = 1;
			remoteGlobalIDString = 694D5BB21BF020E9007D0EAA;
			remoteInfo = SensitiveDemo;
		};
/* End PBXContainerItemProxy section */

/* Begin PBXFileReference section */
		694D5BB31BF020E9007D0EAA /* SensitiveDemo.app */ = {isa = PBXFileReference; explicitFileType = wrapper.application; includeInIndex = 0; path = SensitiveDemo.app; sourceTree = BUILT_PRODUCTS_DIR; };
		694D5BB61BF020E9007D0EAA /* AppDelegate.swift */ = {isa = PBXFileReference; lastKnownFileType = sourcecode.swift; path = AppDelegate.swift; sourceTree = "<group>"; };
		694D5BBD1BF020EA007D0EAA /* Assets.xcassets */ = {isa = PBXFileReference; lastKnownFileType = folder.assetcatalog; path = Assets.xcassets; sourceTree = "<group>"; };
		694D5BC01BF020EA007D0EAA /* Base */ = {isa = PBXFileReference; lastKnownFileType = file.storyboard; name = Base; path = Base.lproj/LaunchScreen.storyboard; sourceTree = "<group>"; };
		694D5BC21BF020EA007D0EAA /* Info.plist */ = {isa = PBXFileReference; lastKnownFileType = text.plist.xml; path = Info.plist; sourceTree = "<group>"; };
		694D5BC71BF020EA007D0EAA /* SensitiveDemoTests.xctest */ = {isa = PBXFileReference; explicitFileType = wrapper.cfbundle; includeInIndex = 0; path = SensitiveDemoTests.xctest; sourceTree = BUILT_PRODUCTS_DIR; };
		694D5BCB1BF020EA007D0EAA /* SensitiveDemoTests.swift */ = {isa = PBXFileReference; lastKnownFileType = sourcecode.swift; path = SensitiveDemoTests.swift; sourceTree = "<group>"; };
		694D5BCD1BF020EA007D0EAA /* Info.plist */ = {isa = PBXFileReference; lastKnownFileType = text.plist.xml; path = Info.plist; sourceTree = "<group>"; };
		694D5BD21BF020EA007D0EAA /* SensitiveDemoUITests.xctest */ = {isa = PBXFileReference; explicitFileType = wrapper.cfbundle; includeInIndex = 0; path = SensitiveDemoUITests.xctest; sourceTree = BUILT_PRODUCTS_DIR; };
		694D5BD61BF020EA007D0EAA /* SensitiveDemoUITests.swift */ = {isa = PBXFileReference; lastKnownFileType = sourcecode.swift; path = SensitiveDemoUITests.swift; sourceTree = "<group>"; };
		694D5BD81BF020EA007D0EAA /* Info.plist */ = {isa = PBXFileReference; lastKnownFileType = text.plist.xml; path = Info.plist; sourceTree = "<group>"; };
		695A3D271BF15E18008E3B45 /* UIViewExtensionGestures.swift */ = {isa = PBXFileReference; fileEncoding = 4; lastKnownFileType = sourcecode.swift; path = UIViewExtensionGestures.swift; sourceTree = "<group>"; };
		695A3D301BF168CC008E3B45 /* MainViewController.swift */ = {isa = PBXFileReference; fileEncoding = 4; lastKnownFileType = sourcecode.swift; path = MainViewController.swift; sourceTree = "<group>"; };
		695A3D311BF168CC008E3B45 /* MainViewController.xib */ = {isa = PBXFileReference; fileEncoding = 4; lastKnownFileType = file.xib; path = MainViewController.xib; sourceTree = "<group>"; };
		697A75311BF1708500229272 /* UIColorExtensionListOfColors.swift */ = {isa = PBXFileReference; fileEncoding = 4; lastKnownFileType = sourcecode.swift; path = UIColorExtensionListOfColors.swift; sourceTree = "<group>"; };
		69853B221C2239AD00F32102 /* SNTapGestureRecognizer.swift */ = {isa = PBXFileReference; fileEncoding = 4; lastKnownFileType = sourcecode.swift; path = SNTapGestureRecognizer.swift; sourceTree = "<group>"; };
		69853B241C2239C400F32102 /* SNTapGestureRecognizerHandlerBlock.swift */ = {isa = PBXFileReference; fileEncoding = 4; lastKnownFileType = sourcecode.swift; path = SNTapGestureRecognizerHandlerBlock.swift; sourceTree = "<group>"; };
		69853B261C223B5400F32102 /* SNTapGestureRecognizerHandler.swift */ = {isa = PBXFileReference; fileEncoding = 4; lastKnownFileType = sourcecode.swift; path = SNTapGestureRecognizerHandler.swift; sourceTree = "<group>"; };
		69A1D5D61C39D91200ED2B7A /* CircleView.swift */ = {isa = PBXFileReference; fileEncoding = 4; lastKnownFileType = sourcecode.swift; path = CircleView.swift; sourceTree = "<group>"; };
		69A1D5D81C39DFDA00ED2B7A /* SNPanGestureRecognizer.swift */ = {isa = PBXFileReference; fileEncoding = 4; lastKnownFileType = sourcecode.swift; path = SNPanGestureRecognizer.swift; sourceTree = "<group>"; };
		69A1D5DA1C39E04100ED2B7A /* SNPanGestureRecognizerHandler.swift */ = {isa = PBXFileReference; fileEncoding = 4; lastKnownFileType = sourcecode.swift; path = SNPanGestureRecognizerHandler.swift; sourceTree = "<group>"; };
		69A1D5DC1C39E07000ED2B7A /* SNPanGestureRecognizerHandlerBlock.swift */ = {isa = PBXFileReference; fileEncoding = 4; lastKnownFileType = sourcecode.swift; path = SNPanGestureRecognizerHandlerBlock.swift; sourceTree = "<group>"; };
		69A1D5DE1C39E0D300ED2B7A /* SNPinchGestureRecognizer.swift */ = {isa = PBXFileReference; fileEncoding = 4; lastKnownFileType = sourcecode.swift; path = SNPinchGestureRecognizer.swift; sourceTree = "<group>"; };
		69A1D5E01C39E10000ED2B7A /* SNPinchGestureRecognizerHandler.swift */ = {isa = PBXFileReference; fileEncoding = 4; lastKnownFileType = sourcecode.swift; path = SNPinchGestureRecognizerHandler.swift; sourceTree = "<group>"; };
		69A1D5E21C39E12800ED2B7A /* SNPinchGestureRecognizerHandlerBlock.swift */ = {isa = PBXFileReference; fileEncoding = 4; lastKnownFileType = sourcecode.swift; path = SNPinchGestureRecognizerHandlerBlock.swift; sourceTree = "<group>"; };
		69A1D5E41C39E15F00ED2B7A /* SNRotationGestureRecognizer.swift */ = {isa = PBXFileReference; fileEncoding = 4; lastKnownFileType = sourcecode.swift; path = SNRotationGestureRecognizer.swift; sourceTree = "<group>"; };
		69A1D5E61C39E18F00ED2B7A /* SNRotationGestureRecognizerHandler.swift */ = {isa = PBXFileReference; fileEncoding = 4; lastKnownFileType = sourcecode.swift; path = SNRotationGestureRecognizerHandler.swift; sourceTree = "<group>"; };
		69A1D5E81C39E1B100ED2B7A /* SNRotationGestureRecognizerHandlerBlock.swift */ = {isa = PBXFileReference; fileEncoding = 4; lastKnownFileType = sourcecode.swift; path = SNRotationGestureRecognizerHandlerBlock.swift; sourceTree = "<group>"; };
		69A1D5EA1C39E1D800ED2B7A /* SNSwipeGestureRecognizer.swift */ = {isa = PBXFileReference; fileEncoding = 4; lastKnownFileType = sourcecode.swift; path = SNSwipeGestureRecognizer.swift; sourceTree = "<group>"; };
		69A1D5EC1C39E20B00ED2B7A /* SNSwipeGestureRecognizerHandler.swift */ = {isa = PBXFileReference; fileEncoding = 4; lastKnownFileType = sourcecode.swift; path = SNSwipeGestureRecognizerHandler.swift; sourceTree = "<group>"; };
		69A1D5EE1C39E23B00ED2B7A /* SNSwipeGestureRecognizerHandlerBlock.swift */ = {isa = PBXFileReference; fileEncoding = 4; lastKnownFileType = sourcecode.swift; path = SNSwipeGestureRecognizerHandlerBlock.swift; sourceTree = "<group>"; };
		69A1D5F01C39E5C500ED2B7A /* SNTapGestureRecognizerConfigurationBlock.swift */ = {isa = PBXFileReference; fileEncoding = 4; lastKnownFileType = sourcecode.swift; path = SNTapGestureRecognizerConfigurationBlock.swift; sourceTree = "<group>"; };
		69A1D5F21C39E63600ED2B7A /* SNPanGestureRecognizerConfigurationBlock.swift */ = {isa = PBXFileReference; fileEncoding = 4; lastKnownFileType = sourcecode.swift; path = SNPanGestureRecognizerConfigurationBlock.swift; sourceTree = "<group>"; };
		69A1D5F41C39E66200ED2B7A /* SNPinchGestureRecognizerConfigurationBlock.swift */ = {isa = PBXFileReference; fileEncoding = 4; lastKnownFileType = sourcecode.swift; path = SNPinchGestureRecognizerConfigurationBlock.swift; sourceTree = "<group>"; };
		69A1D5F61C39E69300ED2B7A /* SNRotationGestureRecognizerConfigurationBlock.swift */ = {isa = PBXFileReference; fileEncoding = 4; lastKnownFileType = sourcecode.swift; path = SNRotationGestureRecognizerConfigurationBlock.swift; sourceTree = "<group>"; };
		69A1D5F81C39E6BD00ED2B7A /* SNSwipeGestureRecognizerConfigurationBlock.swift */ = {isa = PBXFileReference; fileEncoding = 4; lastKnownFileType = sourcecode.swift; path = SNSwipeGestureRecognizerConfigurationBlock.swift; sourceTree = "<group>"; };
/* End PBXFileReference section */

/* Begin PBXFrameworksBuildPhase section */
		694D5BB01BF020E9007D0EAA /* Frameworks */ = {
			isa = PBXFrameworksBuildPhase;
			buildActionMask = 2147483647;
			files = (
			);
			runOnlyForDeploymentPostprocessing = 0;
		};
		694D5BC41BF020EA007D0EAA /* Frameworks */ = {
			isa = PBXFrameworksBuildPhase;
			buildActionMask = 2147483647;
			files = (
			);
			runOnlyForDeploymentPostprocessing = 0;
		};
		694D5BCF1BF020EA007D0EAA /* Frameworks */ = {
			isa = PBXFrameworksBuildPhase;
			buildActionMask = 2147483647;
			files = (
			);
			runOnlyForDeploymentPostprocessing = 0;
		};
/* End PBXFrameworksBuildPhase section */

/* Begin PBXGroup section */
		694D5BAA1BF020E9007D0EAA = {
			isa = PBXGroup;
			children = (
				694D5BB51BF020E9007D0EAA /* SensitiveDemo */,
				694D5BCA1BF020EA007D0EAA /* SensitiveDemoTests */,
				694D5BD51BF020EA007D0EAA /* SensitiveDemoUITests */,
				694D5BB41BF020E9007D0EAA /* Products */,
			);
			sourceTree = "<group>";
		};
		694D5BB41BF020E9007D0EAA /* Products */ = {
			isa = PBXGroup;
			children = (
				694D5BB31BF020E9007D0EAA /* SensitiveDemo.app */,
				694D5BC71BF020EA007D0EAA /* SensitiveDemoTests.xctest */,
				694D5BD21BF020EA007D0EAA /* SensitiveDemoUITests.xctest */,
			);
			name = Products;
			sourceTree = "<group>";
		};
		694D5BB51BF020E9007D0EAA /* SensitiveDemo */ = {
			isa = PBXGroup;
			children = (
				697A752E1BF1706F00229272 /* Classes */,
				697A752F1BF1706F00229272 /* Extensions */,
				694D5BE41BF02114007D0EAA /* Flows */,
				695A3D251BF15DEC008E3B45 /* Libraries */,
				694D5BB61BF020E9007D0EAA /* AppDelegate.swift */,
				694D5BBD1BF020EA007D0EAA /* Assets.xcassets */,
				694D5BBF1BF020EA007D0EAA /* LaunchScreen.storyboard */,
				694D5BC21BF020EA007D0EAA /* Info.plist */,
			);
			path = SensitiveDemo;
			sourceTree = "<group>";
		};
		694D5BCA1BF020EA007D0EAA /* SensitiveDemoTests */ = {
			isa = PBXGroup;
			children = (
				694D5BCB1BF020EA007D0EAA /* SensitiveDemoTests.swift */,
				694D5BCD1BF020EA007D0EAA /* Info.plist */,
			);
			path = SensitiveDemoTests;
			sourceTree = "<group>";
		};
		694D5BD51BF020EA007D0EAA /* SensitiveDemoUITests */ = {
			isa = PBXGroup;
			children = (
				694D5BD61BF020EA007D0EAA /* SensitiveDemoUITests.swift */,
				694D5BD81BF020EA007D0EAA /* Info.plist */,
			);
			path = SensitiveDemoUITests;
			sourceTree = "<group>";
		};
		694D5BE41BF02114007D0EAA /* Flows */ = {
			isa = PBXGroup;
			children = (
				695A3D2E1BF168CC008E3B45 /* Main */,
				69A1D5D41C39D8FB00ED2B7A /* Shared */,
			);
			path = Flows;
			sourceTree = "<group>";
		};
		695A3D251BF15DEC008E3B45 /* Libraries */ = {
			isa = PBXGroup;
			children = (
				695A3D261BF15DFB008E3B45 /* Sensitive */,
			);
			path = Libraries;
			sourceTree = "<group>";
		};
		695A3D261BF15DFB008E3B45 /* Sensitive */ = {
			isa = PBXGroup;
			children = (
				69853B161C22382C00F32102 /* GestureRecognizers */,
				695A3D271BF15E18008E3B45 /* UIViewExtensionGestures.swift */,
			);
			name = Sensitive;
			path = ../../../../Source;
			sourceTree = "<group>";
		};
		695A3D2E1BF168CC008E3B45 /* Main */ = {
			isa = PBXGroup;
			children = (
				695A3D2F1BF168CC008E3B45 /* MainViewController */,
			);
			path = Main;
			sourceTree = "<group>";
		};
		695A3D2F1BF168CC008E3B45 /* MainViewController */ = {
			isa = PBXGroup;
			children = (
				695A3D301BF168CC008E3B45 /* MainViewController.swift */,
				695A3D311BF168CC008E3B45 /* MainViewController.xib */,
			);
			path = MainViewController;
			sourceTree = "<group>";
		};
		697A752E1BF1706F00229272 /* Classes */ = {
			isa = PBXGroup;
			children = (
			);
			path = Classes;
			sourceTree = "<group>";
		};
		697A752F1BF1706F00229272 /* Extensions */ = {
			isa = PBXGroup;
			children = (
				697A75301BF1707900229272 /* Colors */,
			);
			path = Extensions;
			sourceTree = "<group>";
		};
		697A75301BF1707900229272 /* Colors */ = {
			isa = PBXGroup;
			children = (
				697A75311BF1708500229272 /* UIColorExtensionListOfColors.swift */,
			);
			path = Colors;
			sourceTree = "<group>";
		};
		69853B161C22382C00F32102 /* GestureRecognizers */ = {
			isa = PBXGroup;
			children = (
				69853B211C22398000F32102 /* Tap */,
				69853B1D1C22398000F32102 /* Pan */,
				69853B1E1C22398000F32102 /* Pinch */,
				69853B1F1C22398000F32102 /* Rotation */,
				69853B201C22398000F32102 /* Swipe */,
			);
			path = GestureRecognizers;
			sourceTree = "<group>";
		};
		69853B1D1C22398000F32102 /* Pan */ = {
			isa = PBXGroup;
			children = (
				69A1D5D81C39DFDA00ED2B7A /* SNPanGestureRecognizer.swift */,
				69A1D5DA1C39E04100ED2B7A /* SNPanGestureRecognizerHandler.swift */,
				69A1D5DC1C39E07000ED2B7A /* SNPanGestureRecognizerHandlerBlock.swift */,
				69A1D5F21C39E63600ED2B7A /* SNPanGestureRecognizerConfigurationBlock.swift */,
			);
			path = Pan;
			sourceTree = "<group>";
		};
		69853B1E1C22398000F32102 /* Pinch */ = {
			isa = PBXGroup;
			children = (
				69A1D5DE1C39E0D300ED2B7A /* SNPinchGestureRecognizer.swift */,
				69A1D5E01C39E10000ED2B7A /* SNPinchGestureRecognizerHandler.swift */,
				69A1D5E21C39E12800ED2B7A /* SNPinchGestureRecognizerHandlerBlock.swift */,
				69A1D5F41C39E66200ED2B7A /* SNPinchGestureRecognizerConfigurationBlock.swift */,
			);
			path = Pinch;
			sourceTree = "<group>";
		};
		69853B1F1C22398000F32102 /* Rotation */ = {
			isa = PBXGroup;
			children = (
				69A1D5E41C39E15F00ED2B7A /* SNRotationGestureRecognizer.swift */,
				69A1D5E61C39E18F00ED2B7A /* SNRotationGestureRecognizerHandler.swift */,
				69A1D5E81C39E1B100ED2B7A /* SNRotationGestureRecognizerHandlerBlock.swift */,
				69A1D5F61C39E69300ED2B7A /* SNRotationGestureRecognizerConfigurationBlock.swift */,
			);
			path = Rotation;
			sourceTree = "<group>";
		};
		69853B201C22398000F32102 /* Swipe */ = {
			isa = PBXGroup;
			children = (
				69A1D5EA1C39E1D800ED2B7A /* SNSwipeGestureRecognizer.swift */,
				69A1D5EC1C39E20B00ED2B7A /* SNSwipeGestureRecognizerHandler.swift */,
				69A1D5EE1C39E23B00ED2B7A /* SNSwipeGestureRecognizerHandlerBlock.swift */,
				69A1D5F81C39E6BD00ED2B7A /* SNSwipeGestureRecognizerConfigurationBlock.swift */,
			);
			path = Swipe;
			sourceTree = "<group>";
		};
		69853B211C22398000F32102 /* Tap */ = {
			isa = PBXGroup;
			children = (
				69853B221C2239AD00F32102 /* SNTapGestureRecognizer.swift */,
				69853B261C223B5400F32102 /* SNTapGestureRecognizerHandler.swift */,
				69853B241C2239C400F32102 /* SNTapGestureRecognizerHandlerBlock.swift */,
				69A1D5F01C39E5C500ED2B7A /* SNTapGestureRecognizerConfigurationBlock.swift */,
			);
			path = Tap;
			sourceTree = "<group>";
		};
		69A1D5D41C39D8FB00ED2B7A /* Shared */ = {
			isa = PBXGroup;
			children = (
				69A1D5D51C39D8FB00ED2B7A /* CircleView */,
			);
			path = Shared;
			sourceTree = "<group>";
		};
		69A1D5D51C39D8FB00ED2B7A /* CircleView */ = {
			isa = PBXGroup;
			children = (
				69A1D5D61C39D91200ED2B7A /* CircleView.swift */,
			);
			path = CircleView;
			sourceTree = "<group>";
		};
/* End PBXGroup section */

/* Begin PBXNativeTarget section */
		694D5BB21BF020E9007D0EAA /* SensitiveDemo */ = {
			isa = PBXNativeTarget;
			buildConfigurationList = 694D5BDB1BF020EA007D0EAA /* Build configuration list for PBXNativeTarget "SensitiveDemo" */;
			buildPhases = (
				694D5BAF1BF020E9007D0EAA /* Sources */,
				694D5BB01BF020E9007D0EAA /* Frameworks */,
				694D5BB11BF020E9007D0EAA /* Resources */,
			);
			buildRules = (
			);
			dependencies = (
			);
			name = SensitiveDemo;
			productName = SensitiveDemo;
			productReference = 694D5BB31BF020E9007D0EAA /* SensitiveDemo.app */;
			productType = "com.apple.product-type.application";
		};
		694D5BC61BF020EA007D0EAA /* SensitiveDemoTests */ = {
			isa = PBXNativeTarget;
			buildConfigurationList = 694D5BDE1BF020EA007D0EAA /* Build configuration list for PBXNativeTarget "SensitiveDemoTests" */;
			buildPhases = (
				694D5BC31BF020EA007D0EAA /* Sources */,
				694D5BC41BF020EA007D0EAA /* Frameworks */,
				694D5BC51BF020EA007D0EAA /* Resources */,
			);
			buildRules = (
			);
			dependencies = (
				694D5BC91BF020EA007D0EAA /* PBXTargetDependency */,
			);
			name = SensitiveDemoTests;
			productName = SensitiveDemoTests;
			productReference = 694D5BC71BF020EA007D0EAA /* SensitiveDemoTests.xctest */;
			productType = "com.apple.product-type.bundle.unit-test";
		};
		694D5BD11BF020EA007D0EAA /* SensitiveDemoUITests */ = {
			isa = PBXNativeTarget;
			buildConfigurationList = 694D5BE11BF020EA007D0EAA /* Build configuration list for PBXNativeTarget "SensitiveDemoUITests" */;
			buildPhases = (
				694D5BCE1BF020EA007D0EAA /* Sources */,
				694D5BCF1BF020EA007D0EAA /* Frameworks */,
				694D5BD01BF020EA007D0EAA /* Resources */,
			);
			buildRules = (
			);
			dependencies = (
				694D5BD41BF020EA007D0EAA /* PBXTargetDependency */,
			);
			name = SensitiveDemoUITests;
			productName = SensitiveDemoUITests;
			productReference = 694D5BD21BF020EA007D0EAA /* SensitiveDemoUITests.xctest */;
			productType = "com.apple.product-type.bundle.ui-testing";
		};
/* End PBXNativeTarget section */

/* Begin PBXProject section */
		694D5BAB1BF020E9007D0EAA /* Project object */ = {
			isa = PBXProject;
			attributes = {
				LastSwiftUpdateCheck = 0710;
				LastUpgradeCheck = 0710;
				ORGANIZATIONNAME = "Igor Matyushkin";
				TargetAttributes = {
					694D5BB21BF020E9007D0EAA = {
						CreatedOnToolsVersion = 7.1;
					};
					694D5BC61BF020EA007D0EAA = {
						CreatedOnToolsVersion = 7.1;
						TestTargetID = 694D5BB21BF020E9007D0EAA;
					};
					694D5BD11BF020EA007D0EAA = {
						CreatedOnToolsVersion = 7.1;
						TestTargetID = 694D5BB21BF020E9007D0EAA;
					};
				};
			};
			buildConfigurationList = 694D5BAE1BF020E9007D0EAA /* Build configuration list for PBXProject "SensitiveDemo" */;
			compatibilityVersion = "Xcode 3.2";
			developmentRegion = English;
			hasScannedForEncodings = 0;
			knownRegions = (
				en,
				Base,
			);
			mainGroup = 694D5BAA1BF020E9007D0EAA;
			productRefGroup = 694D5BB41BF020E9007D0EAA /* Products */;
			projectDirPath = "";
			projectRoot = "";
			targets = (
				694D5BB21BF020E9007D0EAA /* SensitiveDemo */,
				694D5BC61BF020EA007D0EAA /* SensitiveDemoTests */,
				694D5BD11BF020EA007D0EAA /* SensitiveDemoUITests */,
			);
		};
/* End PBXProject section */

/* Begin PBXResourcesBuildPhase section */
		694D5BB11BF020E9007D0EAA /* Resources */ = {
			isa = PBXResourcesBuildPhase;
			buildActionMask = 2147483647;
			files = (
				694D5BC11BF020EA007D0EAA /* LaunchScreen.storyboard in Resources */,
				695A3D361BF168CC008E3B45 /* MainViewController.xib in Resources */,
				694D5BBE1BF020EA007D0EAA /* Assets.xcassets in Resources */,
			);
			runOnlyForDeploymentPostprocessing = 0;
		};
		694D5BC51BF020EA007D0EAA /* Resources */ = {
			isa = PBXResourcesBuildPhase;
			buildActionMask = 2147483647;
			files = (
			);
			runOnlyForDeploymentPostprocessing = 0;
		};
		694D5BD01BF020EA007D0EAA /* Resources */ = {
			isa = PBXResourcesBuildPhase;
			buildActionMask = 2147483647;
			files = (
			);
			runOnlyForDeploymentPostprocessing = 0;
		};
/* End PBXResourcesBuildPhase section */

/* Begin PBXSourcesBuildPhase section */
		694D5BAF1BF020E9007D0EAA /* Sources */ = {
			isa = PBXSourcesBuildPhase;
			buildActionMask = 2147483647;
			files = (
				69A1D5ED1C39E20B00ED2B7A /* SNSwipeGestureRecognizerHandler.swift in Sources */,
				69A1D5F71C39E69300ED2B7A /* SNRotationGestureRecognizerConfigurationBlock.swift in Sources */,
				69A1D5D71C39D91200ED2B7A /* CircleView.swift in Sources */,
				69A1D5F51C39E66200ED2B7A /* SNPinchGestureRecognizerConfigurationBlock.swift in Sources */,
				695A3D351BF168CC008E3B45 /* MainViewController.swift in Sources */,
				69A1D5F91C39E6BD00ED2B7A /* SNSwipeGestureRecognizerConfigurationBlock.swift in Sources */,
				69A1D5E51C39E15F00ED2B7A /* SNRotationGestureRecognizer.swift in Sources */,
				69A1D5E31C39E12800ED2B7A /* SNPinchGestureRecognizerHandlerBlock.swift in Sources */,
				69A1D5E91C39E1B100ED2B7A /* SNRotationGestureRecognizerHandlerBlock.swift in Sources */,
				69A1D5EB1C39E1D800ED2B7A /* SNSwipeGestureRecognizer.swift in Sources */,
				69853B271C223B5400F32102 /* SNTapGestureRecognizerHandler.swift in Sources */,
				69A1D5DB1C39E04100ED2B7A /* SNPanGestureRecognizerHandler.swift in Sources */,
				69A1D5E11C39E10000ED2B7A /* SNPinchGestureRecognizerHandler.swift in Sources */,
				69A1D5F11C39E5C500ED2B7A /* SNTapGestureRecognizerConfigurationBlock.swift in Sources */,
				69A1D5D91C39DFDA00ED2B7A /* SNPanGestureRecognizer.swift in Sources */,
				695A3D281BF15E18008E3B45 /* UIViewExtensionGestures.swift in Sources */,
				69A1D5E71C39E18F00ED2B7A /* SNRotationGestureRecognizerHandler.swift in Sources */,
				69853B231C2239AD00F32102 /* SNTapGestureRecognizer.swift in Sources */,
				69A1D5F31C39E63600ED2B7A /* SNPanGestureRecognizerConfigurationBlock.swift in Sources */,
				69A1D5DF1C39E0D300ED2B7A /* SNPinchGestureRecognizer.swift in Sources */,
				69A1D5DD1C39E07000ED2B7A /* SNPanGestureRecognizerHandlerBlock.swift in Sources */,
				697A75321BF1708500229272 /* UIColorExtensionListOfColors.swift in Sources */,
				694D5BB71BF020E9007D0EAA /* AppDelegate.swift in Sources */,
				69A1D5EF1C39E23B00ED2B7A /* SNSwipeGestureRecognizerHandlerBlock.swift in Sources */,
				69853B251C2239C400F32102 /* SNTapGestureRecognizerHandlerBlock.swift in Sources */,
			);
			runOnlyForDeploymentPostprocessing = 0;
		};
		694D5BC31BF020EA007D0EAA /* Sources */ = {
			isa = PBXSourcesBuildPhase;
			buildActionMask = 2147483647;
			files = (
				694D5BCC1BF020EA007D0EAA /* SensitiveDemoTests.swift in Sources */,
			);
			runOnlyForDeploymentPostprocessing = 0;
		};
		694D5BCE1BF020EA007D0EAA /* Sources */ = {
			isa = PBXSourcesBuildPhase;
			buildActionMask = 2147483647;
			files = (
				694D5BD71BF020EA007D0EAA /* SensitiveDemoUITests.swift in Sources */,
			);
			runOnlyForDeploymentPostprocessing = 0;
		};
/* End PBXSourcesBuildPhase section */

/* Begin PBXTargetDependency section */
		694D5BC91BF020EA007D0EAA /* PBXTargetDependency */ = {
			isa = PBXTargetDependency;
			target = 694D5BB21BF020E9007D0EAA /* SensitiveDemo */;
			targetProxy = 694D5BC81BF020EA007D0EAA /* PBXContainerItemProxy */;
		};
		694D5BD41BF020EA007D0EAA /* PBXTargetDependency */ = {
			isa = PBXTargetDependency;
			target = 694D5BB21BF020E9007D0EAA /* SensitiveDemo */;
			targetProxy = 694D5BD31BF020EA007D0EAA /* PBXContainerItemProxy */;
		};
/* End PBXTargetDependency section */

/* Begin PBXVariantGroup section */
		694D5BBF1BF020EA007D0EAA /* LaunchScreen.storyboard */ = {
			isa = PBXVariantGroup;
			children = (
				694D5BC01BF020EA007D0EAA /* Base */,
			);
			name = LaunchScreen.storyboard;
			sourceTree = "<group>";
		};
/* End PBXVariantGroup section */

/* Begin XCBuildConfiguration section */
		694D5BD91BF020EA007D0EAA /* Debug */ = {
			isa = XCBuildConfiguration;
			buildSettings = {
				ALWAYS_SEARCH_USER_PATHS = NO;
				CLANG_CXX_LANGUAGE_STANDARD = "gnu++0x";
				CLANG_CXX_LIBRARY = "libc++";
				CLANG_ENABLE_MODULES = YES;
				CLANG_ENABLE_OBJC_ARC = YES;
				CLANG_WARN_BOOL_CONVERSION = YES;
				CLANG_WARN_CONSTANT_CONVERSION = YES;
				CLANG_WARN_DIRECT_OBJC_ISA_USAGE = YES_ERROR;
				CLANG_WARN_EMPTY_BODY = YES;
				CLANG_WARN_ENUM_CONVERSION = YES;
				CLANG_WARN_INT_CONVERSION = YES;
				CLANG_WARN_OBJC_ROOT_CLASS = YES_ERROR;
				CLANG_WARN_UNREACHABLE_CODE = YES;
				CLANG_WARN__DUPLICATE_METHOD_MATCH = YES;
				"CODE_SIGN_IDENTITY[sdk=iphoneos*]" = "iPhone Developer";
				COPY_PHASE_STRIP = NO;
				DEBUG_INFORMATION_FORMAT = dwarf;
				ENABLE_STRICT_OBJC_MSGSEND = YES;
				ENABLE_TESTABILITY = YES;
				GCC_C_LANGUAGE_STANDARD = gnu99;
				GCC_DYNAMIC_NO_PIC = NO;
				GCC_NO_COMMON_BLOCKS = YES;
				GCC_OPTIMIZATION_LEVEL = 0;
				GCC_PREPROCESSOR_DEFINITIONS = (
					"DEBUG=1",
					"$(inherited)",
				);
				GCC_WARN_64_TO_32_BIT_CONVERSION = YES;
				GCC_WARN_ABOUT_RETURN_TYPE = YES_ERROR;
				GCC_WARN_UNDECLARED_SELECTOR = YES;
				GCC_WARN_UNINITIALIZED_AUTOS = YES_AGGRESSIVE;
				GCC_WARN_UNUSED_FUNCTION = YES;
				GCC_WARN_UNUSED_VARIABLE = YES;
				IPHONEOS_DEPLOYMENT_TARGET = 9.1;
				MTL_ENABLE_DEBUG_INFO = YES;
				ONLY_ACTIVE_ARCH = YES;
				SDKROOT = iphoneos;
				SWIFT_OPTIMIZATION_LEVEL = "-Onone";
			};
			name = Debug;
		};
		694D5BDA1BF020EA007D0EAA /* Release */ = {
			isa = XCBuildConfiguration;
			buildSettings = {
				ALWAYS_SEARCH_USER_PATHS = NO;
				CLANG_CXX_LANGUAGE_STANDARD = "gnu++0x";
				CLANG_CXX_LIBRARY = "libc++";
				CLANG_ENABLE_MODULES = YES;
				CLANG_ENABLE_OBJC_ARC = YES;
				CLANG_WARN_BOOL_CONVERSION = YES;
				CLANG_WARN_CONSTANT_CONVERSION = YES;
				CLANG_WARN_DIRECT_OBJC_ISA_USAGE = YES_ERROR;
				CLANG_WARN_EMPTY_BODY = YES;
				CLANG_WARN_ENUM_CONVERSION = YES;
				CLANG_WARN_INT_CONVERSION = YES;
				CLANG_WARN_OBJC_ROOT_CLASS = YES_ERROR;
				CLANG_WARN_UNREACHABLE_CODE = YES;
				CLANG_WARN__DUPLICATE_METHOD_MATCH = YES;
				"CODE_SIGN_IDENTITY[sdk=iphoneos*]" = "iPhone Developer";
				COPY_PHASE_STRIP = NO;
				DEBUG_INFORMATION_FORMAT = "dwarf-with-dsym";
				ENABLE_NS_ASSERTIONS = NO;
				ENABLE_STRICT_OBJC_MSGSEND = YES;
				GCC_C_LANGUAGE_STANDARD = gnu99;
				GCC_NO_COMMON_BLOCKS = YES;
				GCC_WARN_64_TO_32_BIT_CONVERSION = YES;
				GCC_WARN_ABOUT_RETURN_TYPE = YES_ERROR;
				GCC_WARN_UNDECLARED_SELECTOR = YES;
				GCC_WARN_UNINITIALIZED_AUTOS = YES_AGGRESSIVE;
				GCC_WARN_UNUSED_FUNCTION = YES;
				GCC_WARN_UNUSED_VARIABLE = YES;
				IPHONEOS_DEPLOYMENT_TARGET = 9.1;
				MTL_ENABLE_DEBUG_INFO = NO;
				SDKROOT = iphoneos;
				VALIDATE_PRODUCT = YES;
			};
			name = Release;
		};
		694D5BDC1BF020EA007D0EAA /* Debug */ = {
			isa = XCBuildConfiguration;
			buildSettings = {
				ASSETCATALOG_COMPILER_APPICON_NAME = AppIcon;
				INFOPLIST_FILE = SensitiveDemo/Info.plist;
				IPHONEOS_DEPLOYMENT_TARGET = 8.0;
				LD_RUNPATH_SEARCH_PATHS = "$(inherited) @executable_path/Frameworks";
				PRODUCT_BUNDLE_IDENTIFIER = com.visuality.SensitiveDemo;
				PRODUCT_NAME = "$(TARGET_NAME)";
			};
			name = Debug;
		};
		694D5BDD1BF020EA007D0EAA /* Release */ = {
			isa = XCBuildConfiguration;
			buildSettings = {
				ASSETCATALOG_COMPILER_APPICON_NAME = AppIcon;
				INFOPLIST_FILE = SensitiveDemo/Info.plist;
				IPHONEOS_DEPLOYMENT_TARGET = 8.0;
				LD_RUNPATH_SEARCH_PATHS = "$(inherited) @executable_path/Frameworks";
				PRODUCT_BUNDLE_IDENTIFIER = com.visuality.SensitiveDemo;
				PRODUCT_NAME = "$(TARGET_NAME)";
			};
			name = Release;
		};
		694D5BDF1BF020EA007D0EAA /* Debug */ = {
			isa = XCBuildConfiguration;
			buildSettings = {
				BUNDLE_LOADER = "$(TEST_HOST)";
				INFOPLIST_FILE = SensitiveDemoTests/Info.plist;
				LD_RUNPATH_SEARCH_PATHS = "$(inherited) @executable_path/Frameworks @loader_path/Frameworks";
				PRODUCT_BUNDLE_IDENTIFIER = com.visuality.SensitiveDemoTests;
				PRODUCT_NAME = "$(TARGET_NAME)";
				TEST_HOST = "$(BUILT_PRODUCTS_DIR)/SensitiveDemo.app/SensitiveDemo";
			};
			name = Debug;
		};
		694D5BE01BF020EA007D0EAA /* Release */ = {
			isa = XCBuildConfiguration;
			buildSettings = {
				BUNDLE_LOADER = "$(TEST_HOST)";
				INFOPLIST_FILE = SensitiveDemoTests/Info.plist;
				LD_RUNPATH_SEARCH_PATHS = "$(inherited) @executable_path/Frameworks @loader_path/Frameworks";
				PRODUCT_BUNDLE_IDENTIFIER = com.visuality.SensitiveDemoTests;
				PRODUCT_NAME = "$(TARGET_NAME)";
				TEST_HOST = "$(BUILT_PRODUCTS_DIR)/SensitiveDemo.app/SensitiveDemo";
			};
			name = Release;
		};
		694D5BE21BF020EA007D0EAA /* Debug */ = {
			isa = XCBuildConfiguration;
			buildSettings = {
				INFOPLIST_FILE = SensitiveDemoUITests/Info.plist;
				LD_RUNPATH_SEARCH_PATHS = "$(inherited) @executable_path/Frameworks @loader_path/Frameworks";
				PRODUCT_BUNDLE_IDENTIFIER = com.visuality.SensitiveDemoUITests;
				PRODUCT_NAME = "$(TARGET_NAME)";
				TEST_TARGET_NAME = SensitiveDemo;
				USES_XCTRUNNER = YES;
			};
			name = Debug;
		};
		694D5BE31BF020EA007D0EAA /* Release */ = {
			isa = XCBuildConfiguration;
			buildSettings = {
				INFOPLIST_FILE = SensitiveDemoUITests/Info.plist;
				LD_RUNPATH_SEARCH_PATHS = "$(inherited) @executable_path/Frameworks @loader_path/Frameworks";
				PRODUCT_BUNDLE_IDENTIFIER = com.visuality.SensitiveDemoUITests;
				PRODUCT_NAME = "$(TARGET_NAME)";
				TEST_TARGET_NAME = SensitiveDemo;
				USES_XCTRUNNER = YES;
			};
			name = Release;
		};
/* End XCBuildConfiguration section */

/* Begin XCConfigurationList section */
		694D5BAE1BF020E9007D0EAA /* Build configuration list for PBXProject "SensitiveDemo" */ = {
			isa = XCConfigurationList;
			buildConfigurations = (
				694D5BD91BF020EA007D0EAA /* Debug */,
				694D5BDA1BF020EA007D0EAA /* Release */,
			);
			defaultConfigurationIsVisible = 0;
			defaultConfigurationName = Release;
		};
		694D5BDB1BF020EA007D0EAA /* Build configuration list for PBXNativeTarget "SensitiveDemo" */ = {
			isa = XCConfigurationList;
			buildConfigurations = (
				694D5BDC1BF020EA007D0EAA /* Debug */,
				694D5BDD1BF020EA007D0EAA /* Release */,
			);
			defaultConfigurationIsVisible = 0;
			defaultConfigurationName = Release;
		};
		694D5BDE1BF020EA007D0EAA /* Build configuration list for PBXNativeTarget "SensitiveDemoTests" */ = {
			isa = XCConfigurationList;
			buildConfigurations = (
				694D5BDF1BF020EA007D0EAA /* Debug */,
				694D5BE01BF020EA007D0EAA /* Release */,
			);
			defaultConfigurationIsVisible = 0;
			defaultConfigurationName = Release;
		};
		694D5BE11BF020EA007D0EAA /* Build configuration list for PBXNativeTarget "SensitiveDemoUITests" */ = {
			isa = XCConfigurationList;
			buildConfigurations = (
				694D5BE21BF020EA007D0EAA /* Debug */,
				694D5BE31BF020EA007D0EAA /* Release */,
			);
			defaultConfigurationIsVisible = 0;
			defaultConfigurationName = Release;
		};
/* End XCConfigurationList section */
	};
	rootObject = 694D5BAB1BF020E9007D0EAA /* Project object */;
}
