// !$*UTF8*$!
{
	archiveVersion = 1;
	classes = {
	};
	objectVersion = 46;
	objects = {

/* Begin PBXBuildFile section */
		691254321E893261006DE5C2 /* TouchGestureRecognizer.swift in Sources */ = {isa = PBXBuildFile; fileRef = 691254311E893261006DE5C2 /* TouchGestureRecognizer.swift */; };
		691254341E89386B006DE5C2 /* TouchCount.swift in Sources */ = {isa = PBXBuildFile; fileRef = 691254331E89386B006DE5C2 /* TouchCount.swift */; };
		694D5BB71BF020E9007D0EAA /* AppDelegate.swift in Sources */ = {isa = PBXBuildFile; fileRef = 694D5BB61BF020E9007D0EAA /* AppDelegate.swift */; };
		694D5BBE1BF020EA007D0EAA /* Assets.xcassets in Resources */ = {isa = PBXBuildFile; fileRef = 694D5BBD1BF020EA007D0EAA /* Assets.xcassets */; };
		694D5BC11BF020EA007D0EAA /* LaunchScreen.storyboard in Resources */ = {isa = PBXBuildFile; fileRef = 694D5BBF1BF020EA007D0EAA /* LaunchScreen.storyboard */; };
		694D5BCC1BF020EA007D0EAA /* SensitiveDemoTests.swift in Sources */ = {isa = PBXBuildFile; fileRef = 694D5BCB1BF020EA007D0EAA /* SensitiveDemoTests.swift */; };
		694D5BD71BF020EA007D0EAA /* SensitiveDemoUITests.swift in Sources */ = {isa = PBXBuildFile; fileRef = 694D5BD61BF020EA007D0EAA /* SensitiveDemoUITests.swift */; };
		6953557F1E77063D00ACF184 /* UIViewExtensionGestures.swift in Sources */ = {isa = PBXBuildFile; fileRef = 695355571E77063D00ACF184 /* UIViewExtensionGestures.swift */; };
		695355A01E770ACC00ACF184 /* GestureHandlerReuseCount.swift in Sources */ = {isa = PBXBuildFile; fileRef = 6953559F1E770ACC00ACF184 /* GestureHandlerReuseCount.swift */; };
		695355A41E7738A000ACF184 /* SwipeDirection.swift in Sources */ = {isa = PBXBuildFile; fileRef = 695355A31E7738A000ACF184 /* SwipeDirection.swift */; };
		695A3D351BF168CC008E3B45 /* MainViewController.swift in Sources */ = {isa = PBXBuildFile; fileRef = 695A3D301BF168CC008E3B45 /* MainViewController.swift */; };
		695A3D361BF168CC008E3B45 /* MainViewController.xib in Resources */ = {isa = PBXBuildFile; fileRef = 695A3D311BF168CC008E3B45 /* MainViewController.xib */; };
		6976DE141E7B14280095AB57 /* GestureRecognizerConfigurationBlock.swift in Sources */ = {isa = PBXBuildFile; fileRef = 6976DE121E7B14280095AB57 /* GestureRecognizerConfigurationBlock.swift */; };
		6976DE151E7B14280095AB57 /* GestureRecognizerHandlerBlock.swift in Sources */ = {isa = PBXBuildFile; fileRef = 6976DE131E7B14280095AB57 /* GestureRecognizerHandlerBlock.swift */; };
		6976DE2B1E7B14D90095AB57 /* LongPressGestureRecognizer.swift in Sources */ = {isa = PBXBuildFile; fileRef = 6976DE1B1E7B14D90095AB57 /* LongPressGestureRecognizer.swift */; };
		6976DE2C1E7B14D90095AB57 /* PanGestureRecognizer.swift in Sources */ = {isa = PBXBuildFile; fileRef = 6976DE1D1E7B14D90095AB57 /* PanGestureRecognizer.swift */; };
		6976DE2D1E7B14D90095AB57 /* PinchGestureRecognizer.swift in Sources */ = {isa = PBXBuildFile; fileRef = 6976DE1F1E7B14D90095AB57 /* PinchGestureRecognizer.swift */; };
		6976DE2E1E7B14D90095AB57 /* RotationGestureRecognizer.swift in Sources */ = {isa = PBXBuildFile; fileRef = 6976DE211E7B14D90095AB57 /* RotationGestureRecognizer.swift */; };
		6976DE2F1E7B14D90095AB57 /* ScreenEdgePanGestureRecognizer.swift in Sources */ = {isa = PBXBuildFile; fileRef = 6976DE231E7B14D90095AB57 /* ScreenEdgePanGestureRecognizer.swift */; };
		6976DE301E7B14D90095AB57 /* SwipeGestureRecognizer.swift in Sources */ = {isa = PBXBuildFile; fileRef = 6976DE251E7B14D90095AB57 /* SwipeGestureRecognizer.swift */; };
		6976DE311E7B14D90095AB57 /* TapGestureRecognizer.swift in Sources */ = {isa = PBXBuildFile; fileRef = 6976DE271E7B14D90095AB57 /* TapGestureRecognizer.swift */; };
		697A75321BF1708500229272 /* UIColorExtensionListOfColors.swift in Sources */ = {isa = PBXBuildFile; fileRef = 697A75311BF1708500229272 /* UIColorExtensionListOfColors.swift */; };
		69A1D5D71C39D91200ED2B7A /* CircleView.swift in Sources */ = {isa = PBXBuildFile; fileRef = 69A1D5D61C39D91200ED2B7A /* CircleView.swift */; };
		69EC1C751E7B6D0A00E7082A /* ArrayExtensionViews.swift in Sources */ = {isa = PBXBuildFile; fileRef = 69EC1C741E7B6D0A00E7082A /* ArrayExtensionViews.swift */; };
/* End PBXBuildFile section */

/* Begin PBXContainerItemProxy section */
		694D5BC81BF020EA007D0EAA /* PBXContainerItemProxy */ = {
			isa = PBXContainerItemProxy;
			containerPortal = 694D5BAB1BF020E9007D0EAA /* Project object */;
			proxyType = 1;
			remoteGlobalIDString = 694D5BB21BF020E9007D0EAA;
			remoteInfo = SensitiveDemo;
		};
		694D5BD31BF020EA007D0EAA /* PBXContainerItemProxy */ = {
			isa = PBXContainerItemProxy;
			containerPortal = 694D5BAB1BF020E9007D0EAA /* Project object */;
			proxyType = 1;
			remoteGlobalIDString = 694D5BB21BF020E9007D0EAA;
			remoteInfo = SensitiveDemo;
		};
/* End PBXContainerItemProxy section */

/* Begin PBXFileReference section */
		691254311E893261006DE5C2 /* TouchGestureRecognizer.swift */ = {isa = PBXFileReference; fileEncoding = 4; lastKnownFileType = sourcecode.swift; path = TouchGestureRecognizer.swift; sourceTree = "<group>"; };
		691254331E89386B006DE5C2 /* TouchCount.swift */ = {isa = PBXFileReference; fileEncoding = 4; lastKnownFileType = sourcecode.swift; path = TouchCount.swift; sourceTree = "<group>"; };
		694D5BB31BF020E9007D0EAA /* SensitiveDemo.app */ = {isa = PBXFileReference; explicitFileType = wrapper.application; includeInIndex = 0; path = SensitiveDemo.app; sourceTree = BUILT_PRODUCTS_DIR; };
		694D5BB61BF020E9007D0EAA /* AppDelegate.swift */ = {isa = PBXFileReference; lastKnownFileType = sourcecode.swift; path = AppDelegate.swift; sourceTree = "<group>"; };
		694D5BBD1BF020EA007D0EAA /* Assets.xcassets */ = {isa = PBXFileReference; lastKnownFileType = folder.assetcatalog; path = Assets.xcassets; sourceTree = "<group>"; };
		694D5BC01BF020EA007D0EAA /* Base */ = {isa = PBXFileReference; lastKnownFileType = file.storyboard; name = Base; path = Base.lproj/LaunchScreen.storyboard; sourceTree = "<group>"; };
		694D5BC21BF020EA007D0EAA /* Info.plist */ = {isa = PBXFileReference; lastKnownFileType = text.plist.xml; path = Info.plist; sourceTree = "<group>"; };
		694D5BC71BF020EA007D0EAA /* SensitiveDemoTests.xctest */ = {isa = PBXFileReference; explicitFileType = wrapper.cfbundle; includeInIndex = 0; path = SensitiveDemoTests.xctest; sourceTree = BUILT_PRODUCTS_DIR; };
		694D5BCB1BF020EA007D0EAA /* SensitiveDemoTests.swift */ = {isa = PBXFileReference; lastKnownFileType = sourcecode.swift; path = SensitiveDemoTests.swift; sourceTree = "<group>"; };
		694D5BCD1BF020EA007D0EAA /* Info.plist */ = {isa = PBXFileReference; lastKnownFileType = text.plist.xml; path = Info.plist; sourceTree = "<group>"; };
		694D5BD21BF020EA007D0EAA /* SensitiveDemoUITests.xctest */ = {isa = PBXFileReference; explicitFileType = wrapper.cfbundle; includeInIndex = 0; path = SensitiveDemoUITests.xctest; sourceTree = BUILT_PRODUCTS_DIR; };
		694D5BD61BF020EA007D0EAA /* SensitiveDemoUITests.swift */ = {isa = PBXFileReference; lastKnownFileType = sourcecode.swift; path = SensitiveDemoUITests.swift; sourceTree = "<group>"; };
		694D5BD81BF020EA007D0EAA /* Info.plist */ = {isa = PBXFileReference; lastKnownFileType = text.plist.xml; path = Info.plist; sourceTree = "<group>"; };
		695355571E77063D00ACF184 /* UIViewExtensionGestures.swift */ = {isa = PBXFileReference; fileEncoding = 4; lastKnownFileType = sourcecode.swift; path = UIViewExtensionGestures.swift; sourceTree = "<group>"; };
		6953559F1E770ACC00ACF184 /* GestureHandlerReuseCount.swift */ = {isa = PBXFileReference; fileEncoding = 4; lastKnownFileType = sourcecode.swift; path = GestureHandlerReuseCount.swift; sourceTree = "<group>"; };
		695355A31E7738A000ACF184 /* SwipeDirection.swift */ = {isa = PBXFileReference; fileEncoding = 4; lastKnownFileType = sourcecode.swift; path = SwipeDirection.swift; sourceTree = "<group>"; };
		695A3D301BF168CC008E3B45 /* MainViewController.swift */ = {isa = PBXFileReference; fileEncoding = 4; lastKnownFileType = sourcecode.swift; path = MainViewController.swift; sourceTree = "<group>"; };
		695A3D311BF168CC008E3B45 /* MainViewController.xib */ = {isa = PBXFileReference; fileEncoding = 4; lastKnownFileType = file.xib; path = MainViewController.xib; sourceTree = "<group>"; };
		6976DE121E7B14280095AB57 /* GestureRecognizerConfigurationBlock.swift */ = {isa = PBXFileReference; fileEncoding = 4; lastKnownFileType = sourcecode.swift; path = GestureRecognizerConfigurationBlock.swift; sourceTree = "<group>"; };
		6976DE131E7B14280095AB57 /* GestureRecognizerHandlerBlock.swift */ = {isa = PBXFileReference; fileEncoding = 4; lastKnownFileType = sourcecode.swift; path = GestureRecognizerHandlerBlock.swift; sourceTree = "<group>"; };
		6976DE1B1E7B14D90095AB57 /* LongPressGestureRecognizer.swift */ = {isa = PBXFileReference; fileEncoding = 4; lastKnownFileType = sourcecode.swift; path = LongPressGestureRecognizer.swift; sourceTree = "<group>"; };
		6976DE1D1E7B14D90095AB57 /* PanGestureRecognizer.swift */ = {isa = PBXFileReference; fileEncoding = 4; lastKnownFileType = sourcecode.swift; path = PanGestureRecognizer.swift; sourceTree = "<group>"; };
		6976DE1F1E7B14D90095AB57 /* PinchGestureRecognizer.swift */ = {isa = PBXFileReference; fileEncoding = 4; lastKnownFileType = sourcecode.swift; path = PinchGestureRecognizer.swift; sourceTree = "<group>"; };
		6976DE211E7B14D90095AB57 /* RotationGestureRecognizer.swift */ = {isa = PBXFileReference; fileEncoding = 4; lastKnownFileType = sourcecode.swift; path = RotationGestureRecognizer.swift; sourceTree = "<group>"; };
		6976DE231E7B14D90095AB57 /* ScreenEdgePanGestureRecognizer.swift */ = {isa = PBXFileReference; fileEncoding = 4; lastKnownFileType = sourcecode.swift; path = ScreenEdgePanGestureRecognizer.swift; sourceTree = "<group>"; };
		6976DE251E7B14D90095AB57 /* SwipeGestureRecognizer.swift */ = {isa = PBXFileReference; fileEncoding = 4; lastKnownFileType = sourcecode.swift; path = SwipeGestureRecognizer.swift; sourceTree = "<group>"; };
		6976DE271E7B14D90095AB57 /* TapGestureRecognizer.swift */ = {isa = PBXFileReference; fileEncoding = 4; lastKnownFileType = sourcecode.swift; path = TapGestureRecognizer.swift; sourceTree = "<group>"; };
		697A75311BF1708500229272 /* UIColorExtensionListOfColors.swift */ = {isa = PBXFileReference; fileEncoding = 4; lastKnownFileType = sourcecode.swift; path = UIColorExtensionListOfColors.swift; sourceTree = "<group>"; };
		69A1D5D61C39D91200ED2B7A /* CircleView.swift */ = {isa = PBXFileReference; fileEncoding = 4; lastKnownFileType = sourcecode.swift; path = CircleView.swift; sourceTree = "<group>"; };
		69EC1C741E7B6D0A00E7082A /* ArrayExtensionViews.swift */ = {isa = PBXFileReference; fileEncoding = 4; lastKnownFileType = sourcecode.swift; path = ArrayExtensionViews.swift; sourceTree = "<group>"; };
/* End PBXFileReference section */

/* Begin PBXFrameworksBuildPhase section */
		694D5BB01BF020E9007D0EAA /* Frameworks */ = {
			isa = PBXFrameworksBuildPhase;
			buildActionMask = 2147483647;
			files = (
			);
			runOnlyForDeploymentPostprocessing = 0;
		};
		694D5BC41BF020EA007D0EAA /* Frameworks */ = {
			isa = PBXFrameworksBuildPhase;
			buildActionMask = 2147483647;
			files = (
			);
			runOnlyForDeploymentPostprocessing = 0;
		};
		694D5BCF1BF020EA007D0EAA /* Frameworks */ = {
			isa = PBXFrameworksBuildPhase;
			buildActionMask = 2147483647;
			files = (
			);
			runOnlyForDeploymentPostprocessing = 0;
		};
/* End PBXFrameworksBuildPhase section */

/* Begin PBXGroup section */
		691254301E893261006DE5C2 /* Touch */ = {
			isa = PBXGroup;
			children = (
				691254311E893261006DE5C2 /* TouchGestureRecognizer.swift */,
			);
			path = Touch;
			sourceTree = "<group>";
		};
		694D5BAA1BF020E9007D0EAA = {
			isa = PBXGroup;
			children = (
				694D5BB51BF020E9007D0EAA /* SensitiveDemo */,
				694D5BCA1BF020EA007D0EAA /* SensitiveDemoTests */,
				694D5BD51BF020EA007D0EAA /* SensitiveDemoUITests */,
				694D5BB41BF020E9007D0EAA /* Products */,
			);
			sourceTree = "<group>";
		};
		694D5BB41BF020E9007D0EAA /* Products */ = {
			isa = PBXGroup;
			children = (
				694D5BB31BF020E9007D0EAA /* SensitiveDemo.app */,
				694D5BC71BF020EA007D0EAA /* SensitiveDemoTests.xctest */,
				694D5BD21BF020EA007D0EAA /* SensitiveDemoUITests.xctest */,
			);
			name = Products;
			sourceTree = "<group>";
		};
		694D5BB51BF020E9007D0EAA /* SensitiveDemo */ = {
			isa = PBXGroup;
			children = (
				697A752F1BF1706F00229272 /* Extensions */,
				694D5BE41BF02114007D0EAA /* Flows */,
				69C26E7A1D941C6C005CE3ED /* Libraries */,
				694D5BB61BF020E9007D0EAA /* AppDelegate.swift */,
				694D5BBD1BF020EA007D0EAA /* Assets.xcassets */,
				694D5BBF1BF020EA007D0EAA /* LaunchScreen.storyboard */,
				694D5BC21BF020EA007D0EAA /* Info.plist */,
			);
			path = SensitiveDemo;
			sourceTree = "<group>";
		};
		694D5BCA1BF020EA007D0EAA /* SensitiveDemoTests */ = {
			isa = PBXGroup;
			children = (
				694D5BCB1BF020EA007D0EAA /* SensitiveDemoTests.swift */,
				694D5BCD1BF020EA007D0EAA /* Info.plist */,
			);
			path = SensitiveDemoTests;
			sourceTree = "<group>";
		};
		694D5BD51BF020EA007D0EAA /* SensitiveDemoUITests */ = {
			isa = PBXGroup;
			children = (
				694D5BD61BF020EA007D0EAA /* SensitiveDemoUITests.swift */,
				694D5BD81BF020EA007D0EAA /* Info.plist */,
			);
			path = SensitiveDemoUITests;
			sourceTree = "<group>";
		};
		694D5BE41BF02114007D0EAA /* Flows */ = {
			isa = PBXGroup;
			children = (
				695A3D2E1BF168CC008E3B45 /* Main */,
				69A1D5D41C39D8FB00ED2B7A /* Shared */,
			);
			path = Flows;
			sourceTree = "<group>";
		};
		695355551E77063D00ACF184 /* Extensions */ = {
			isa = PBXGroup;
			children = (
				695355561E77063D00ACF184 /* View */,
				69EC1C731E7B6CFD00E7082A /* Array */,
			);
			path = Extensions;
			sourceTree = "<group>";
		};
		695355561E77063D00ACF184 /* View */ = {
			isa = PBXGroup;
			children = (
				695355571E77063D00ACF184 /* UIViewExtensionGestures.swift */,
			);
			path = View;
			sourceTree = "<group>";
		};
		6953559E1E770ACC00ACF184 /* Types */ = {
			isa = PBXGroup;
			children = (
				6976DE121E7B14280095AB57 /* GestureRecognizerConfigurationBlock.swift */,
				6976DE131E7B14280095AB57 /* GestureRecognizerHandlerBlock.swift */,
				6953559F1E770ACC00ACF184 /* GestureHandlerReuseCount.swift */,
				695355A31E7738A000ACF184 /* SwipeDirection.swift */,
				691254331E89386B006DE5C2 /* TouchCount.swift */,
			);
			path = Types;
			sourceTree = "<group>";
		};
		695A3D2E1BF168CC008E3B45 /* Main */ = {
			isa = PBXGroup;
			children = (
				695A3D2F1BF168CC008E3B45 /* MainViewController */,
			);
			path = Main;
			sourceTree = "<group>";
		};
		695A3D2F1BF168CC008E3B45 /* MainViewController */ = {
			isa = PBXGroup;
			children = (
				695A3D301BF168CC008E3B45 /* MainViewController.swift */,
				695A3D311BF168CC008E3B45 /* MainViewController.xib */,
			);
			path = MainViewController;
			sourceTree = "<group>";
		};
		6976DE161E7B14D90095AB57 /* Classes */ = {
			isa = PBXGroup;
			children = (
				6976DE191E7B14D90095AB57 /* GestureRecognizers */,
			);
			path = Classes;
			sourceTree = "<group>";
		};
		6976DE191E7B14D90095AB57 /* GestureRecognizers */ = {
			isa = PBXGroup;
			children = (
				6976DE261E7B14D90095AB57 /* Tap */,
				6976DE1A1E7B14D90095AB57 /* LongPress */,
				6976DE1C1E7B14D90095AB57 /* Pan */,
				6976DE1E1E7B14D90095AB57 /* Pinch */,
				6976DE201E7B14D90095AB57 /* Rotation */,
				6976DE241E7B14D90095AB57 /* Swipe */,
				6976DE221E7B14D90095AB57 /* ScreenEdgePan */,
				691254301E893261006DE5C2 /* Touch */,
			);
			path = GestureRecognizers;
			sourceTree = "<group>";
		};
		6976DE1A1E7B14D90095AB57 /* LongPress */ = {
			isa = PBXGroup;
			children = (
				6976DE1B1E7B14D90095AB57 /* LongPressGestureRecognizer.swift */,
			);
			path = LongPress;
			sourceTree = "<group>";
		};
		6976DE1C1E7B14D90095AB57 /* Pan */ = {
			isa = PBXGroup;
			children = (
				6976DE1D1E7B14D90095AB57 /* PanGestureRecognizer.swift */,
			);
			path = Pan;
			sourceTree = "<group>";
		};
		6976DE1E1E7B14D90095AB57 /* Pinch */ = {
			isa = PBXGroup;
			children = (
				6976DE1F1E7B14D90095AB57 /* PinchGestureRecognizer.swift */,
			);
			path = Pinch;
			sourceTree = "<group>";
		};
		6976DE201E7B14D90095AB57 /* Rotation */ = {
			isa = PBXGroup;
			children = (
				6976DE211E7B14D90095AB57 /* RotationGestureRecognizer.swift */,
			);
			path = Rotation;
			sourceTree = "<group>";
		};
		6976DE221E7B14D90095AB57 /* ScreenEdgePan */ = {
			isa = PBXGroup;
			children = (
				6976DE231E7B14D90095AB57 /* ScreenEdgePanGestureRecognizer.swift */,
			);
			path = ScreenEdgePan;
			sourceTree = "<group>";
		};
		6976DE241E7B14D90095AB57 /* Swipe */ = {
			isa = PBXGroup;
			children = (
				6976DE251E7B14D90095AB57 /* SwipeGestureRecognizer.swift */,
			);
			path = Swipe;
			sourceTree = "<group>";
		};
		6976DE261E7B14D90095AB57 /* Tap */ = {
			isa = PBXGroup;
			children = (
				6976DE271E7B14D90095AB57 /* TapGestureRecognizer.swift */,
			);
			path = Tap;
			sourceTree = "<group>";
		};
		697A752F1BF1706F00229272 /* Extensions */ = {
			isa = PBXGroup;
			children = (
				697A75301BF1707900229272 /* Colors */,
			);
			path = Extensions;
			sourceTree = "<group>";
		};
		697A75301BF1707900229272 /* Colors */ = {
			isa = PBXGroup;
			children = (
				697A75311BF1708500229272 /* UIColorExtensionListOfColors.swift */,
			);
			path = Colors;
			sourceTree = "<group>";
		};
		69A1D5D41C39D8FB00ED2B7A /* Shared */ = {
			isa = PBXGroup;
			children = (
				69A1D5D51C39D8FB00ED2B7A /* CircleView */,
			);
			path = Shared;
			sourceTree = "<group>";
		};
		69A1D5D51C39D8FB00ED2B7A /* CircleView */ = {
			isa = PBXGroup;
			children = (
				69A1D5D61C39D91200ED2B7A /* CircleView.swift */,
			);
			path = CircleView;
			sourceTree = "<group>";
		};
		69C26E7A1D941C6C005CE3ED /* Libraries */ = {
			isa = PBXGroup;
			children = (
				69C26E7B1D941C74005CE3ED /* Sensitive */,
			);
			path = Libraries;
			sourceTree = "<group>";
		};
		69C26E7B1D941C74005CE3ED /* Sensitive */ = {
			isa = PBXGroup;
			children = (
				6953559E1E770ACC00ACF184 /* Types */,
				6976DE161E7B14D90095AB57 /* Classes */,
				695355551E77063D00ACF184 /* Extensions */,
			);
			name = Sensitive;
			path = ../../../../Sensitive;
			sourceTree = "<group>";
		};
		69EC1C731E7B6CFD00E7082A /* Array */ = {
			isa = PBXGroup;
			children = (
				69EC1C741E7B6D0A00E7082A /* ArrayExtensionViews.swift */,
			);
			path = Array;
			sourceTree = "<group>";
		};
/* End PBXGroup section */

/* Begin PBXNativeTarget section */
		694D5BB21BF020E9007D0EAA /* SensitiveDemo */ = {
			isa = PBXNativeTarget;
			buildConfigurationList = 694D5BDB1BF020EA007D0EAA /* Build configuration list for PBXNativeTarget "SensitiveDemo" */;
			buildPhases = (
				694D5BAF1BF020E9007D0EAA /* Sources */,
				694D5BB01BF020E9007D0EAA /* Frameworks */,
				694D5BB11BF020E9007D0EAA /* Resources */,
			);
			buildRules = (
			);
			dependencies = (
			);
			name = SensitiveDemo;
			productName = SensitiveDemo;
			productReference = 694D5BB31BF020E9007D0EAA /* SensitiveDemo.app */;
			productType = "com.apple.product-type.application";
		};
		694D5BC61BF020EA007D0EAA /* SensitiveDemoTests */ = {
			isa = PBXNativeTarget;
			buildConfigurationList = 694D5BDE1BF020EA007D0EAA /* Build configuration list for PBXNativeTarget "SensitiveDemoTests" */;
			buildPhases = (
				694D5BC31BF020EA007D0EAA /* Sources */,
				694D5BC41BF020EA007D0EAA /* Frameworks */,
				694D5BC51BF020EA007D0EAA /* Resources */,
			);
			buildRules = (
			);
			dependencies = (
				694D5BC91BF020EA007D0EAA /* PBXTargetDependency */,
			);
			name = SensitiveDemoTests;
			productName = SensitiveDemoTests;
			productReference = 694D5BC71BF020EA007D0EAA /* SensitiveDemoTests.xctest */;
			productType = "com.apple.product-type.bundle.unit-test";
		};
		694D5BD11BF020EA007D0EAA /* SensitiveDemoUITests */ = {
			isa = PBXNativeTarget;
			buildConfigurationList = 694D5BE11BF020EA007D0EAA /* Build configuration list for PBXNativeTarget "SensitiveDemoUITests" */;
			buildPhases = (
				694D5BCE1BF020EA007D0EAA /* Sources */,
				694D5BCF1BF020EA007D0EAA /* Frameworks */,
				694D5BD01BF020EA007D0EAA /* Resources */,
			);
			buildRules = (
			);
			dependencies = (
				694D5BD41BF020EA007D0EAA /* PBXTargetDependency */,
			);
			name = SensitiveDemoUITests;
			productName = SensitiveDemoUITests;
			productReference = 694D5BD21BF020EA007D0EAA /* SensitiveDemoUITests.xctest */;
			productType = "com.apple.product-type.bundle.ui-testing";
		};
/* End PBXNativeTarget section */

/* Begin PBXProject section */
		694D5BAB1BF020E9007D0EAA /* Project object */ = {
			isa = PBXProject;
			attributes = {
				LastSwiftUpdateCheck = 0710;
				LastUpgradeCheck = 0710;
				ORGANIZATIONNAME = "Igor Matyushkin";
				TargetAttributes = {
					694D5BB21BF020E9007D0EAA = {
						CreatedOnToolsVersion = 7.1;
						DevelopmentTeam = AFEG59EG8E;
						LastSwiftMigration = 0800;
					};
					694D5BC61BF020EA007D0EAA = {
						CreatedOnToolsVersion = 7.1;
						LastSwiftMigration = 0800;
						TestTargetID = 694D5BB21BF020E9007D0EAA;
					};
					694D5BD11BF020EA007D0EAA = {
						CreatedOnToolsVersion = 7.1;
						LastSwiftMigration = 0800;
						TestTargetID = 694D5BB21BF020E9007D0EAA;
					};
				};
			};
			buildConfigurationList = 694D5BAE1BF020E9007D0EAA /* Build configuration list for PBXProject "SensitiveDemo" */;
			compatibilityVersion = "Xcode 3.2";
			developmentRegion = English;
			hasScannedForEncodings = 0;
			knownRegions = (
				en,
				Base,
			);
			mainGroup = 694D5BAA1BF020E9007D0EAA;
			productRefGroup = 694D5BB41BF020E9007D0EAA /* Products */;
			projectDirPath = "";
			projectRoot = "";
			targets = (
				694D5BB21BF020E9007D0EAA /* SensitiveDemo */,
				694D5BC61BF020EA007D0EAA /* SensitiveDemoTests */,
				694D5BD11BF020EA007D0EAA /* SensitiveDemoUITests */,
			);
		};
/* End PBXProject section */

/* Begin PBXResourcesBuildPhase section */
		694D5BB11BF020E9007D0EAA /* Resources */ = {
			isa = PBXResourcesBuildPhase;
			buildActionMask = 2147483647;
			files = (
				694D5BC11BF020EA007D0EAA /* LaunchScreen.storyboard in Resources */,
				695A3D361BF168CC008E3B45 /* MainViewController.xib in Resources */,
				694D5BBE1BF020EA007D0EAA /* Assets.xcassets in Resources */,
			);
			runOnlyForDeploymentPostprocessing = 0;
		};
		694D5BC51BF020EA007D0EAA /* Resources */ = {
			isa = PBXResourcesBuildPhase;
			buildActionMask = 2147483647;
			files = (
			);
			runOnlyForDeploymentPostprocessing = 0;
		};
		694D5BD01BF020EA007D0EAA /* Resources */ = {
			isa = PBXResourcesBuildPhase;
			buildActionMask = 2147483647;
			files = (
			);
			runOnlyForDeploymentPostprocessing = 0;
		};
/* End PBXResourcesBuildPhase section */

/* Begin PBXSourcesBuildPhase section */
		694D5BAF1BF020E9007D0EAA /* Sources */ = {
			isa = PBXSourcesBuildPhase;
			buildActionMask = 2147483647;
			files = (
				69A1D5D71C39D91200ED2B7A /* CircleView.swift in Sources */,
				6976DE2E1E7B14D90095AB57 /* RotationGestureRecognizer.swift in Sources */,
				695A3D351BF168CC008E3B45 /* MainViewController.swift in Sources */,
				6976DE2D1E7B14D90095AB57 /* PinchGestureRecognizer.swift in Sources */,
				6976DE311E7B14D90095AB57 /* TapGestureRecognizer.swift in Sources */,
				6976DE141E7B14280095AB57 /* GestureRecognizerConfigurationBlock.swift in Sources */,
				697A75321BF1708500229272 /* UIColorExtensionListOfColors.swift in Sources */,
				6976DE301E7B14D90095AB57 /* SwipeGestureRecognizer.swift in Sources */,
				695355A41E7738A000ACF184 /* SwipeDirection.swift in Sources */,
				694D5BB71BF020E9007D0EAA /* AppDelegate.swift in Sources */,
				6976DE2C1E7B14D90095AB57 /* PanGestureRecognizer.swift in Sources */,
				6953557F1E77063D00ACF184 /* UIViewExtensionGestures.swift in Sources */,
				695355A01E770ACC00ACF184 /* GestureHandlerReuseCount.swift in Sources */,
				6976DE151E7B14280095AB57 /* GestureRecognizerHandlerBlock.swift in Sources */,
				6976DE2F1E7B14D90095AB57 /* ScreenEdgePanGestureRecognizer.swift in Sources */,
				6976DE2B1E7B14D90095AB57 /* LongPressGestureRecognizer.swift in Sources */,
				69EC1C751E7B6D0A00E7082A /* ArrayExtensionViews.swift in Sources */,
				691254341E89386B006DE5C2 /* TouchCount.swift in Sources */,
				691254321E893261006DE5C2 /* TouchGestureRecognizer.swift in Sources */,
			);
			runOnlyForDeploymentPostprocessing = 0;
		};
		694D5BC31BF020EA007D0EAA /* Sources */ = {
			isa = PBXSourcesBuildPhase;
			buildActionMask = 2147483647;
			files = (
				694D5BCC1BF020EA007D0EAA /* SensitiveDemoTests.swift in Sources */,
			);
			runOnlyForDeploymentPostprocessing = 0;
		};
		694D5BCE1BF020EA007D0EAA /* Sources */ = {
			isa = PBXSourcesBuildPhase;
			buildActionMask = 2147483647;
			files = (
				694D5BD71BF020EA007D0EAA /* SensitiveDemoUITests.swift in Sources */,
			);
			runOnlyForDeploymentPostprocessing = 0;
		};
/* End PBXSourcesBuildPhase section */

/* Begin PBXTargetDependency section */
		694D5BC91BF020EA007D0EAA /* PBXTargetDependency */ = {
			isa = PBXTargetDependency;
			target = 694D5BB21BF020E9007D0EAA /* SensitiveDemo */;
			targetProxy = 694D5BC81BF020EA007D0EAA /* PBXContainerItemProxy */;
		};
		694D5BD41BF020EA007D0EAA /* PBXTargetDependency */ = {
			isa = PBXTargetDependency;
			target = 694D5BB21BF020E9007D0EAA /* SensitiveDemo */;
			targetProxy = 694D5BD31BF020EA007D0EAA /* PBXContainerItemProxy */;
		};
/* End PBXTargetDependency section */

/* Begin PBXVariantGroup section */
		694D5BBF1BF020EA007D0EAA /* LaunchScreen.storyboard */ = {
			isa = PBXVariantGroup;
			children = (
				694D5BC01BF020EA007D0EAA /* Base */,
			);
			name = LaunchScreen.storyboard;
			sourceTree = "<group>";
		};
/* End PBXVariantGroup section */

/* Begin XCBuildConfiguration section */
		694D5BD91BF020EA007D0EAA /* Debug */ = {
			isa = XCBuildConfiguration;
			buildSettings = {
				ALWAYS_SEARCH_USER_PATHS = NO;
				CLANG_CXX_LANGUAGE_STANDARD = "gnu++0x";
				CLANG_CXX_LIBRARY = "libc++";
				CLANG_ENABLE_MODULES = YES;
				CLANG_ENABLE_OBJC_ARC = YES;
				CLANG_WARN_BOOL_CONVERSION = YES;
				CLANG_WARN_CONSTANT_CONVERSION = YES;
				CLANG_WARN_DIRECT_OBJC_ISA_USAGE = YES_ERROR;
				CLANG_WARN_EMPTY_BODY = YES;
				CLANG_WARN_ENUM_CONVERSION = YES;
				CLANG_WARN_INT_CONVERSION = YES;
				CLANG_WARN_OBJC_ROOT_CLASS = YES_ERROR;
				CLANG_WARN_UNREACHABLE_CODE = YES;
				CLANG_WARN__DUPLICATE_METHOD_MATCH = YES;
				"CODE_SIGN_IDENTITY[sdk=iphoneos*]" = "iPhone Developer";
				COPY_PHASE_STRIP = NO;
				DEBUG_INFORMATION_FORMAT = dwarf;
				ENABLE_STRICT_OBJC_MSGSEND = YES;
				ENABLE_TESTABILITY = YES;
				GCC_C_LANGUAGE_STANDARD = gnu99;
				GCC_DYNAMIC_NO_PIC = NO;
				GCC_NO_COMMON_BLOCKS = YES;
				GCC_OPTIMIZATION_LEVEL = 0;
				GCC_PREPROCESSOR_DEFINITIONS = (
					"DEBUG=1",
					"$(inherited)",
				);
				GCC_WARN_64_TO_32_BIT_CONVERSION = YES;
				GCC_WARN_ABOUT_RETURN_TYPE = YES_ERROR;
				GCC_WARN_UNDECLARED_SELECTOR = YES;
				GCC_WARN_UNINITIALIZED_AUTOS = YES_AGGRESSIVE;
				GCC_WARN_UNUSED_FUNCTION = YES;
				GCC_WARN_UNUSED_VARIABLE = YES;
				IPHONEOS_DEPLOYMENT_TARGET = 9.1;
				MTL_ENABLE_DEBUG_INFO = YES;
				ONLY_ACTIVE_ARCH = YES;
				SDKROOT = iphoneos;
				SWIFT_OPTIMIZATION_LEVEL = "-Onone";
			};
			name = Debug;
		};
		694D5BDA1BF020EA007D0EAA /* Release */ = {
			isa = XCBuildConfiguration;
			buildSettings = {
				ALWAYS_SEARCH_USER_PATHS = NO;
				CLANG_CXX_LANGUAGE_STANDARD = "gnu++0x";
				CLANG_CXX_LIBRARY = "libc++";
				CLANG_ENABLE_MODULES = YES;
				CLANG_ENABLE_OBJC_ARC = YES;
				CLANG_WARN_BOOL_CONVERSION = YES;
				CLANG_WARN_CONSTANT_CONVERSION = YES;
				CLANG_WARN_DIRECT_OBJC_ISA_USAGE = YES_ERROR;
				CLANG_WARN_EMPTY_BODY = YES;
				CLANG_WARN_ENUM_CONVERSION = YES;
				CLANG_WARN_INT_CONVERSION = YES;
				CLANG_WARN_OBJC_ROOT_CLASS = YES_ERROR;
				CLANG_WARN_UNREACHABLE_CODE = YES;
				CLANG_WARN__DUPLICATE_METHOD_MATCH = YES;
				"CODE_SIGN_IDENTITY[sdk=iphoneos*]" = "iPhone Developer";
				COPY_PHASE_STRIP = NO;
				DEBUG_INFORMATION_FORMAT = "dwarf-with-dsym";
				ENABLE_NS_ASSERTIONS = NO;
				ENABLE_STRICT_OBJC_MSGSEND = YES;
				GCC_C_LANGUAGE_STANDARD = gnu99;
				GCC_NO_COMMON_BLOCKS = YES;
				GCC_WARN_64_TO_32_BIT_CONVERSION = YES;
				GCC_WARN_ABOUT_RETURN_TYPE = YES_ERROR;
				GCC_WARN_UNDECLARED_SELECTOR = YES;
				GCC_WARN_UNINITIALIZED_AUTOS = YES_AGGRESSIVE;
				GCC_WARN_UNUSED_FUNCTION = YES;
				GCC_WARN_UNUSED_VARIABLE = YES;
				IPHONEOS_DEPLOYMENT_TARGET = 9.1;
				MTL_ENABLE_DEBUG_INFO = NO;
				SDKROOT = iphoneos;
				VALIDATE_PRODUCT = YES;
			};
			name = Release;
		};
		694D5BDC1BF020EA007D0EAA /* Debug */ = {
			isa = XCBuildConfiguration;
			buildSettings = {
				ASSETCATALOG_COMPILER_APPICON_NAME = AppIcon;
				DEVELOPMENT_TEAM = AFEG59EG8E;
				INFOPLIST_FILE = SensitiveDemo/Info.plist;
				IPHONEOS_DEPLOYMENT_TARGET = 9.0;
				LD_RUNPATH_SEARCH_PATHS = "$(inherited) @executable_path/Frameworks";
				PRODUCT_BUNDLE_IDENTIFIER = com.visuality.SensitiveDemo;
				PRODUCT_NAME = "$(TARGET_NAME)";
				SWIFT_VERSION = 4.0;
			};
			name = Debug;
		};
		694D5BDD1BF020EA007D0EAA /* Release */ = {
			isa = XCBuildConfiguration;
			buildSettings = {
				ASSETCATALOG_COMPILER_APPICON_NAME = AppIcon;
				DEVELOPMENT_TEAM = AFEG59EG8E;
				INFOPLIST_FILE = SensitiveDemo/Info.plist;
				IPHONEOS_DEPLOYMENT_TARGET = 9.0;
				LD_RUNPATH_SEARCH_PATHS = "$(inherited) @executable_path/Frameworks";
				PRODUCT_BUNDLE_IDENTIFIER = com.visuality.SensitiveDemo;
				PRODUCT_NAME = "$(TARGET_NAME)";
				SWIFT_VERSION = 4.0;
			};
			name = Release;
		};
		694D5BDF1BF020EA007D0EAA /* Debug */ = {
			isa = XCBuildConfiguration;
			buildSettings = {
				BUNDLE_LOADER = "$(TEST_HOST)";
				INFOPLIST_FILE = SensitiveDemoTests/Info.plist;
				LD_RUNPATH_SEARCH_PATHS = "$(inherited) @executable_path/Frameworks @loader_path/Frameworks";
				PRODUCT_BUNDLE_IDENTIFIER = com.visuality.SensitiveDemoTests;
				PRODUCT_NAME = "$(TARGET_NAME)";
				SWIFT_VERSION = 3.0;
				TEST_HOST = "$(BUILT_PRODUCTS_DIR)/SensitiveDemo.app/SensitiveDemo";
			};
			name = Debug;
		};
		694D5BE01BF020EA007D0EAA /* Release */ = {
			isa = XCBuildConfiguration;
			buildSettings = {
				BUNDLE_LOADER = "$(TEST_HOST)";
				INFOPLIST_FILE = SensitiveDemoTests/Info.plist;
				LD_RUNPATH_SEARCH_PATHS = "$(inherited) @executable_path/Frameworks @loader_path/Frameworks";
				PRODUCT_BUNDLE_IDENTIFIER = com.visuality.SensitiveDemoTests;
				PRODUCT_NAME = "$(TARGET_NAME)";
				SWIFT_VERSION = 3.0;
				TEST_HOST = "$(BUILT_PRODUCTS_DIR)/SensitiveDemo.app/SensitiveDemo";
			};
			name = Release;
		};
		694D5BE21BF020EA007D0EAA /* Debug */ = {
			isa = XCBuildConfiguration;
			buildSettings = {
				INFOPLIST_FILE = SensitiveDemoUITests/Info.plist;
				LD_RUNPATH_SEARCH_PATHS = "$(inherited) @executable_path/Frameworks @loader_path/Frameworks";
				PRODUCT_BUNDLE_IDENTIFIER = com.visuality.SensitiveDemoUITests;
				PRODUCT_NAME = "$(TARGET_NAME)";
				SWIFT_VERSION = 3.0;
				TEST_TARGET_NAME = SensitiveDemo;
				USES_XCTRUNNER = YES;
			};
			name = Debug;
		};
		694D5BE31BF020EA007D0EAA /* Release */ = {
			isa = XCBuildConfiguration;
			buildSettings = {
				INFOPLIST_FILE = SensitiveDemoUITests/Info.plist;
				LD_RUNPATH_SEARCH_PATHS = "$(inherited) @executable_path/Frameworks @loader_path/Frameworks";
				PRODUCT_BUNDLE_IDENTIFIER = com.visuality.SensitiveDemoUITests;
				PRODUCT_NAME = "$(TARGET_NAME)";
				SWIFT_VERSION = 3.0;
				TEST_TARGET_NAME = SensitiveDemo;
				USES_XCTRUNNER = YES;
			};
			name = Release;
		};
/* End XCBuildConfiguration section */

/* Begin XCConfigurationList section */
		694D5BAE1BF020E9007D0EAA /* Build configuration list for PBXProject "SensitiveDemo" */ = {
			isa = XCConfigurationList;
			buildConfigurations = (
				694D5BD91BF020EA007D0EAA /* Debug */,
				694D5BDA1BF020EA007D0EAA /* Release */,
			);
			defaultConfigurationIsVisible = 0;
			defaultConfigurationName = Release;
		};
		694D5BDB1BF020EA007D0EAA /* Build configuration list for PBXNativeTarget "SensitiveDemo" */ = {
			isa = XCConfigurationList;
			buildConfigurations = (
				694D5BDC1BF020EA007D0EAA /* Debug */,
				694D5BDD1BF020EA007D0EAA /* Release */,
			);
			defaultConfigurationIsVisible = 0;
			defaultConfigurationName = Release;
		};
		694D5BDE1BF020EA007D0EAA /* Build configuration list for PBXNativeTarget "SensitiveDemoTests" */ = {
			isa = XCConfigurationList;
			buildConfigurations = (
				694D5BDF1BF020EA007D0EAA /* Debug */,
				694D5BE01BF020EA007D0EAA /* Release */,
			);
			defaultConfigurationIsVisible = 0;
			defaultConfigurationName = Release;
		};
		694D5BE11BF020EA007D0EAA /* Build configuration list for PBXNativeTarget "SensitiveDemoUITests" */ = {
			isa = XCConfigurationList;
			buildConfigurations = (
				694D5BE21BF020EA007D0EAA /* Debug */,
				694D5BE31BF020EA007D0EAA /* Release */,
			);
			defaultConfigurationIsVisible = 0;
			defaultConfigurationName = Release;
		};
/* End XCConfigurationList section */
	};
	rootObject = 694D5BAB1BF020E9007D0EAA /* Project object */;
}
