// !$*UTF8*$!
{
	archiveVersion = 1;
	classes = {
	};
	objectVersion = 46;
	objects = {

/* Begin PBXBuildFile section */
		694D5BB71BF020E9007D0EAA /* AppDelegate.swift in Sources */ = {isa = PBXBuildFile; fileRef = 694D5BB61BF020E9007D0EAA /* AppDelegate.swift */; };
		694D5BBE1BF020EA007D0EAA /* Assets.xcassets in Resources */ = {isa = PBXBuildFile; fileRef = 694D5BBD1BF020EA007D0EAA /* Assets.xcassets */; };
		694D5BC11BF020EA007D0EAA /* LaunchScreen.storyboard in Resources */ = {isa = PBXBuildFile; fileRef = 694D5BBF1BF020EA007D0EAA /* LaunchScreen.storyboard */; };
		694D5BCC1BF020EA007D0EAA /* SensitiveDemoTests.swift in Sources */ = {isa = PBXBuildFile; fileRef = 694D5BCB1BF020EA007D0EAA /* SensitiveDemoTests.swift */; };
		694D5BD71BF020EA007D0EAA /* SensitiveDemoUITests.swift in Sources */ = {isa = PBXBuildFile; fileRef = 694D5BD61BF020EA007D0EAA /* SensitiveDemoUITests.swift */; };
		695A3D351BF168CC008E3B45 /* MainViewController.swift in Sources */ = {isa = PBXBuildFile; fileRef = 695A3D301BF168CC008E3B45 /* MainViewController.swift */; };
		695A3D361BF168CC008E3B45 /* MainViewController.xib in Resources */ = {isa = PBXBuildFile; fileRef = 695A3D311BF168CC008E3B45 /* MainViewController.xib */; };
		697A75321BF1708500229272 /* UIColorExtensionListOfColors.swift in Sources */ = {isa = PBXBuildFile; fileRef = 697A75311BF1708500229272 /* UIColorExtensionListOfColors.swift */; };
		698893D51D92F05A00EC97F9 /* UIViewExtensionGestures.swift in Sources */ = {isa = PBXBuildFile; fileRef = 698893B01D92F05A00EC97F9 /* UIViewExtensionGestures.swift */; };
		698893D61D92F05A00EC97F9 /* SNLongPressGestureRecognizerConfigurationBlock.swift in Sources */ = {isa = PBXBuildFile; fileRef = 698893B31D92F05A00EC97F9 /* SNLongPressGestureRecognizerConfigurationBlock.swift */; };
		698893D71D92F05A00EC97F9 /* SNLongPressGestureRecognizer.swift in Sources */ = {isa = PBXBuildFile; fileRef = 698893B41D92F05A00EC97F9 /* SNLongPressGestureRecognizer.swift */; };
		698893D81D92F05A00EC97F9 /* SNLongPressGestureRecognizerHandlerBlock.swift in Sources */ = {isa = PBXBuildFile; fileRef = 698893B51D92F05A00EC97F9 /* SNLongPressGestureRecognizerHandlerBlock.swift */; };
		698893D91D92F05A00EC97F9 /* SNLongPressGestureRecognizerHandler.swift in Sources */ = {isa = PBXBuildFile; fileRef = 698893B61D92F05A00EC97F9 /* SNLongPressGestureRecognizerHandler.swift */; };
		698893DA1D92F05A00EC97F9 /* SNPanGestureRecognizerConfigurationBlock.swift in Sources */ = {isa = PBXBuildFile; fileRef = 698893B81D92F05A00EC97F9 /* SNPanGestureRecognizerConfigurationBlock.swift */; };
		698893DB1D92F05A00EC97F9 /* SNPanGestureRecognizer.swift in Sources */ = {isa = PBXBuildFile; fileRef = 698893B91D92F05A00EC97F9 /* SNPanGestureRecognizer.swift */; };
		698893DC1D92F05A00EC97F9 /* SNPanGestureRecognizerHandlerBlock.swift in Sources */ = {isa = PBXBuildFile; fileRef = 698893BA1D92F05A00EC97F9 /* SNPanGestureRecognizerHandlerBlock.swift */; };
		698893DD1D92F05A00EC97F9 /* SNPanGestureRecognizerHandler.swift in Sources */ = {isa = PBXBuildFile; fileRef = 698893BB1D92F05A00EC97F9 /* SNPanGestureRecognizerHandler.swift */; };
		698893DE1D92F05A00EC97F9 /* SNPinchGestureRecognizerConfigurationBlock.swift in Sources */ = {isa = PBXBuildFile; fileRef = 698893BD1D92F05A00EC97F9 /* SNPinchGestureRecognizerConfigurationBlock.swift */; };
		698893DF1D92F05A00EC97F9 /* SNPinchGestureRecognizer.swift in Sources */ = {isa = PBXBuildFile; fileRef = 698893BE1D92F05A00EC97F9 /* SNPinchGestureRecognizer.swift */; };
		698893E01D92F05A00EC97F9 /* SNPinchGestureRecognizerHandlerBlock.swift in Sources */ = {isa = PBXBuildFile; fileRef = 698893BF1D92F05A00EC97F9 /* SNPinchGestureRecognizerHandlerBlock.swift */; };
		698893E11D92F05A00EC97F9 /* SNPinchGestureRecognizerHandler.swift in Sources */ = {isa = PBXBuildFile; fileRef = 698893C01D92F05A00EC97F9 /* SNPinchGestureRecognizerHandler.swift */; };
		698893E21D92F05A00EC97F9 /* SNRotationGestureRecognizerConfigurationBlock.swift in Sources */ = {isa = PBXBuildFile; fileRef = 698893C21D92F05A00EC97F9 /* SNRotationGestureRecognizerConfigurationBlock.swift */; };
		698893E31D92F05A00EC97F9 /* SNRotationGestureRecognizer.swift in Sources */ = {isa = PBXBuildFile; fileRef = 698893C31D92F05A00EC97F9 /* SNRotationGestureRecognizer.swift */; };
		698893E41D92F05A00EC97F9 /* SNRotationGestureRecognizerHandlerBlock.swift in Sources */ = {isa = PBXBuildFile; fileRef = 698893C41D92F05A00EC97F9 /* SNRotationGestureRecognizerHandlerBlock.swift */; };
		698893E51D92F05A00EC97F9 /* SNRotationGestureRecognizerHandler.swift in Sources */ = {isa = PBXBuildFile; fileRef = 698893C51D92F05A00EC97F9 /* SNRotationGestureRecognizerHandler.swift */; };
		698893E61D92F05A00EC97F9 /* SNScreenEdgePanGestureRecognizerConfigurationBlock.swift in Sources */ = {isa = PBXBuildFile; fileRef = 698893C71D92F05A00EC97F9 /* SNScreenEdgePanGestureRecognizerConfigurationBlock.swift */; };
		698893E71D92F05A00EC97F9 /* SNScreenEdgePanGestureRecognizerHandler.swift in Sources */ = {isa = PBXBuildFile; fileRef = 698893C81D92F05A00EC97F9 /* SNScreenEdgePanGestureRecognizerHandler.swift */; };
		698893E81D92F05A00EC97F9 /* SNScreenEdgePanGestureRecognizerHandlerBlock.swift in Sources */ = {isa = PBXBuildFile; fileRef = 698893C91D92F05A00EC97F9 /* SNScreenEdgePanGestureRecognizerHandlerBlock.swift */; };
		698893E91D92F05A00EC97F9 /* SNScreenEdgePanGestureRecognizer.swift in Sources */ = {isa = PBXBuildFile; fileRef = 698893CA1D92F05A00EC97F9 /* SNScreenEdgePanGestureRecognizer.swift */; };
		698893EA1D92F05A00EC97F9 /* SNSwipeGestureRecognizerConfigurationBlock.swift in Sources */ = {isa = PBXBuildFile; fileRef = 698893CC1D92F05A00EC97F9 /* SNSwipeGestureRecognizerConfigurationBlock.swift */; };
		698893EB1D92F05A00EC97F9 /* SNSwipeGestureRecognizer.swift in Sources */ = {isa = PBXBuildFile; fileRef = 698893CD1D92F05A00EC97F9 /* SNSwipeGestureRecognizer.swift */; };
		698893EC1D92F05A00EC97F9 /* SNSwipeGestureRecognizerHandlerBlock.swift in Sources */ = {isa = PBXBuildFile; fileRef = 698893CE1D92F05A00EC97F9 /* SNSwipeGestureRecognizerHandlerBlock.swift */; };
		698893ED1D92F05A00EC97F9 /* SNSwipeGestureRecognizerHandler.swift in Sources */ = {isa = PBXBuildFile; fileRef = 698893CF1D92F05A00EC97F9 /* SNSwipeGestureRecognizerHandler.swift */; };
		698893EE1D92F05A00EC97F9 /* SNTapGestureRecognizerConfigurationBlock.swift in Sources */ = {isa = PBXBuildFile; fileRef = 698893D11D92F05A00EC97F9 /* SNTapGestureRecognizerConfigurationBlock.swift */; };
		698893EF1D92F05A00EC97F9 /* SNTapGestureRecognizerHandler.swift in Sources */ = {isa = PBXBuildFile; fileRef = 698893D21D92F05A00EC97F9 /* SNTapGestureRecognizerHandler.swift */; };
		698893F01D92F05A00EC97F9 /* SNTapGestureRecognizer.swift in Sources */ = {isa = PBXBuildFile; fileRef = 698893D31D92F05A00EC97F9 /* SNTapGestureRecognizer.swift */; };
		698893F11D92F05A00EC97F9 /* SNTapGestureRecognizerHandlerBlock.swift in Sources */ = {isa = PBXBuildFile; fileRef = 698893D41D92F05A00EC97F9 /* SNTapGestureRecognizerHandlerBlock.swift */; };
		69A1D5D71C39D91200ED2B7A /* CircleView.swift in Sources */ = {isa = PBXBuildFile; fileRef = 69A1D5D61C39D91200ED2B7A /* CircleView.swift */; };
/* End PBXBuildFile section */

/* Begin PBXContainerItemProxy section */
		694D5BC81BF020EA007D0EAA /* PBXContainerItemProxy */ = {
			isa = PBXContainerItemProxy;
			containerPortal = 694D5BAB1BF020E9007D0EAA /* Project object */;
			proxyType = 1;
			remoteGlobalIDString = 694D5BB21BF020E9007D0EAA;
			remoteInfo = SensitiveDemo;
		};
		694D5BD31BF020EA007D0EAA /* PBXContainerItemProxy */ = {
			isa = PBXContainerItemProxy;
			containerPortal = 694D5BAB1BF020E9007D0EAA /* Project object */;
			proxyType = 1;
			remoteGlobalIDString = 694D5BB21BF020E9007D0EAA;
			remoteInfo = SensitiveDemo;
		};
/* End PBXContainerItemProxy section */

/* Begin PBXFileReference section */
		694D5BB31BF020E9007D0EAA /* SensitiveDemo.app */ = {isa = PBXFileReference; explicitFileType = wrapper.application; includeInIndex = 0; path = SensitiveDemo.app; sourceTree = BUILT_PRODUCTS_DIR; };
		694D5BB61BF020E9007D0EAA /* AppDelegate.swift */ = {isa = PBXFileReference; lastKnownFileType = sourcecode.swift; path = AppDelegate.swift; sourceTree = "<group>"; };
		694D5BBD1BF020EA007D0EAA /* Assets.xcassets */ = {isa = PBXFileReference; lastKnownFileType = folder.assetcatalog; path = Assets.xcassets; sourceTree = "<group>"; };
		694D5BC01BF020EA007D0EAA /* Base */ = {isa = PBXFileReference; lastKnownFileType = file.storyboard; name = Base; path = Base.lproj/LaunchScreen.storyboard; sourceTree = "<group>"; };
		694D5BC21BF020EA007D0EAA /* Info.plist */ = {isa = PBXFileReference; lastKnownFileType = text.plist.xml; path = Info.plist; sourceTree = "<group>"; };
		694D5BC71BF020EA007D0EAA /* SensitiveDemoTests.xctest */ = {isa = PBXFileReference; explicitFileType = wrapper.cfbundle; includeInIndex = 0; path = SensitiveDemoTests.xctest; sourceTree = BUILT_PRODUCTS_DIR; };
		694D5BCB1BF020EA007D0EAA /* SensitiveDemoTests.swift */ = {isa = PBXFileReference; lastKnownFileType = sourcecode.swift; path = SensitiveDemoTests.swift; sourceTree = "<group>"; };
		694D5BCD1BF020EA007D0EAA /* Info.plist */ = {isa = PBXFileReference; lastKnownFileType = text.plist.xml; path = Info.plist; sourceTree = "<group>"; };
		694D5BD21BF020EA007D0EAA /* SensitiveDemoUITests.xctest */ = {isa = PBXFileReference; explicitFileType = wrapper.cfbundle; includeInIndex = 0; path = SensitiveDemoUITests.xctest; sourceTree = BUILT_PRODUCTS_DIR; };
		694D5BD61BF020EA007D0EAA /* SensitiveDemoUITests.swift */ = {isa = PBXFileReference; lastKnownFileType = sourcecode.swift; path = SensitiveDemoUITests.swift; sourceTree = "<group>"; };
		694D5BD81BF020EA007D0EAA /* Info.plist */ = {isa = PBXFileReference; lastKnownFileType = text.plist.xml; path = Info.plist; sourceTree = "<group>"; };
		695A3D301BF168CC008E3B45 /* MainViewController.swift */ = {isa = PBXFileReference; fileEncoding = 4; lastKnownFileType = sourcecode.swift; path = MainViewController.swift; sourceTree = "<group>"; };
		695A3D311BF168CC008E3B45 /* MainViewController.xib */ = {isa = PBXFileReference; fileEncoding = 4; lastKnownFileType = file.xib; path = MainViewController.xib; sourceTree = "<group>"; };
		697A75311BF1708500229272 /* UIColorExtensionListOfColors.swift */ = {isa = PBXFileReference; fileEncoding = 4; lastKnownFileType = sourcecode.swift; path = UIColorExtensionListOfColors.swift; sourceTree = "<group>"; };
		698893B01D92F05A00EC97F9 /* UIViewExtensionGestures.swift */ = {isa = PBXFileReference; fileEncoding = 4; lastKnownFileType = sourcecode.swift; path = UIViewExtensionGestures.swift; sourceTree = "<group>"; };
		698893B31D92F05A00EC97F9 /* SNLongPressGestureRecognizerConfigurationBlock.swift */ = {isa = PBXFileReference; fileEncoding = 4; lastKnownFileType = sourcecode.swift; path = SNLongPressGestureRecognizerConfigurationBlock.swift; sourceTree = "<group>"; };
		698893B41D92F05A00EC97F9 /* SNLongPressGestureRecognizer.swift */ = {isa = PBXFileReference; fileEncoding = 4; lastKnownFileType = sourcecode.swift; path = SNLongPressGestureRecognizer.swift; sourceTree = "<group>"; };
		698893B51D92F05A00EC97F9 /* SNLongPressGestureRecognizerHandlerBlock.swift */ = {isa = PBXFileReference; fileEncoding = 4; lastKnownFileType = sourcecode.swift; path = SNLongPressGestureRecognizerHandlerBlock.swift; sourceTree = "<group>"; };
		698893B61D92F05A00EC97F9 /* SNLongPressGestureRecognizerHandler.swift */ = {isa = PBXFileReference; fileEncoding = 4; lastKnownFileType = sourcecode.swift; path = SNLongPressGestureRecognizerHandler.swift; sourceTree = "<group>"; };
		698893B81D92F05A00EC97F9 /* SNPanGestureRecognizerConfigurationBlock.swift */ = {isa = PBXFileReference; fileEncoding = 4; lastKnownFileType = sourcecode.swift; path = SNPanGestureRecognizerConfigurationBlock.swift; sourceTree = "<group>"; };
		698893B91D92F05A00EC97F9 /* SNPanGestureRecognizer.swift */ = {isa = PBXFileReference; fileEncoding = 4; lastKnownFileType = sourcecode.swift; path = SNPanGestureRecognizer.swift; sourceTree = "<group>"; };
		698893BA1D92F05A00EC97F9 /* SNPanGestureRecognizerHandlerBlock.swift */ = {isa = PBXFileReference; fileEncoding = 4; lastKnownFileType = sourcecode.swift; path = SNPanGestureRecognizerHandlerBlock.swift; sourceTree = "<group>"; };
		698893BB1D92F05A00EC97F9 /* SNPanGestureRecognizerHandler.swift */ = {isa = PBXFileReference; fileEncoding = 4; lastKnownFileType = sourcecode.swift; path = SNPanGestureRecognizerHandler.swift; sourceTree = "<group>"; };
		698893BD1D92F05A00EC97F9 /* SNPinchGestureRecognizerConfigurationBlock.swift */ = {isa = PBXFileReference; fileEncoding = 4; lastKnownFileType = sourcecode.swift; path = SNPinchGestureRecognizerConfigurationBlock.swift; sourceTree = "<group>"; };
		698893BE1D92F05A00EC97F9 /* SNPinchGestureRecognizer.swift */ = {isa = PBXFileReference; fileEncoding = 4; lastKnownFileType = sourcecode.swift; path = SNPinchGestureRecognizer.swift; sourceTree = "<group>"; };
		698893BF1D92F05A00EC97F9 /* SNPinchGestureRecognizerHandlerBlock.swift */ = {isa = PBXFileReference; fileEncoding = 4; lastKnownFileType = sourcecode.swift; path = SNPinchGestureRecognizerHandlerBlock.swift; sourceTree = "<group>"; };
		698893C01D92F05A00EC97F9 /* SNPinchGestureRecognizerHandler.swift */ = {isa = PBXFileReference; fileEncoding = 4; lastKnownFileType = sourcecode.swift; path = SNPinchGestureRecognizerHandler.swift; sourceTree = "<group>"; };
		698893C21D92F05A00EC97F9 /* SNRotationGestureRecognizerConfigurationBlock.swift */ = {isa = PBXFileReference; fileEncoding = 4; lastKnownFileType = sourcecode.swift; path = SNRotationGestureRecognizerConfigurationBlock.swift; sourceTree = "<group>"; };
		698893C31D92F05A00EC97F9 /* SNRotationGestureRecognizer.swift */ = {isa = PBXFileReference; fileEncoding = 4; lastKnownFileType = sourcecode.swift; path = SNRotationGestureRecognizer.swift; sourceTree = "<group>"; };
		698893C41D92F05A00EC97F9 /* SNRotationGestureRecognizerHandlerBlock.swift */ = {isa = PBXFileReference; fileEncoding = 4; lastKnownFileType = sourcecode.swift; path = SNRotationGestureRecognizerHandlerBlock.swift; sourceTree = "<group>"; };
		698893C51D92F05A00EC97F9 /* SNRotationGestureRecognizerHandler.swift */ = {isa = PBXFileReference; fileEncoding = 4; lastKnownFileType = sourcecode.swift; path = SNRotationGestureRecognizerHandler.swift; sourceTree = "<group>"; };
		698893C71D92F05A00EC97F9 /* SNScreenEdgePanGestureRecognizerConfigurationBlock.swift */ = {isa = PBXFileReference; fileEncoding = 4; lastKnownFileType = sourcecode.swift; path = SNScreenEdgePanGestureRecognizerConfigurationBlock.swift; sourceTree = "<group>"; };
		698893C81D92F05A00EC97F9 /* SNScreenEdgePanGestureRecognizerHandler.swift */ = {isa = PBXFileReference; fileEncoding = 4; lastKnownFileType = sourcecode.swift; path = SNScreenEdgePanGestureRecognizerHandler.swift; sourceTree = "<group>"; };
		698893C91D92F05A00EC97F9 /* SNScreenEdgePanGestureRecognizerHandlerBlock.swift */ = {isa = PBXFileReference; fileEncoding = 4; lastKnownFileType = sourcecode.swift; path = SNScreenEdgePanGestureRecognizerHandlerBlock.swift; sourceTree = "<group>"; };
		698893CA1D92F05A00EC97F9 /* SNScreenEdgePanGestureRecognizer.swift */ = {isa = PBXFileReference; fileEncoding = 4; lastKnownFileType = sourcecode.swift; path = SNScreenEdgePanGestureRecognizer.swift; sourceTree = "<group>"; };
		698893CC1D92F05A00EC97F9 /* SNSwipeGestureRecognizerConfigurationBlock.swift */ = {isa = PBXFileReference; fileEncoding = 4; lastKnownFileType = sourcecode.swift; path = SNSwipeGestureRecognizerConfigurationBlock.swift; sourceTree = "<group>"; };
		698893CD1D92F05A00EC97F9 /* SNSwipeGestureRecognizer.swift */ = {isa = PBXFileReference; fileEncoding = 4; lastKnownFileType = sourcecode.swift; path = SNSwipeGestureRecognizer.swift; sourceTree = "<group>"; };
		698893CE1D92F05A00EC97F9 /* SNSwipeGestureRecognizerHandlerBlock.swift */ = {isa = PBXFileReference; fileEncoding = 4; lastKnownFileType = sourcecode.swift; path = SNSwipeGestureRecognizerHandlerBlock.swift; sourceTree = "<group>"; };
		698893CF1D92F05A00EC97F9 /* SNSwipeGestureRecognizerHandler.swift */ = {isa = PBXFileReference; fileEncoding = 4; lastKnownFileType = sourcecode.swift; path = SNSwipeGestureRecognizerHandler.swift; sourceTree = "<group>"; };
		698893D11D92F05A00EC97F9 /* SNTapGestureRecognizerConfigurationBlock.swift */ = {isa = PBXFileReference; fileEncoding = 4; lastKnownFileType = sourcecode.swift; path = SNTapGestureRecognizerConfigurationBlock.swift; sourceTree = "<group>"; };
		698893D21D92F05A00EC97F9 /* SNTapGestureRecognizerHandler.swift */ = {isa = PBXFileReference; fileEncoding = 4; lastKnownFileType = sourcecode.swift; path = SNTapGestureRecognizerHandler.swift; sourceTree = "<group>"; };
		698893D31D92F05A00EC97F9 /* SNTapGestureRecognizer.swift */ = {isa = PBXFileReference; fileEncoding = 4; lastKnownFileType = sourcecode.swift; path = SNTapGestureRecognizer.swift; sourceTree = "<group>"; };
		698893D41D92F05A00EC97F9 /* SNTapGestureRecognizerHandlerBlock.swift */ = {isa = PBXFileReference; fileEncoding = 4; lastKnownFileType = sourcecode.swift; path = SNTapGestureRecognizerHandlerBlock.swift; sourceTree = "<group>"; };
		69A1D5D61C39D91200ED2B7A /* CircleView.swift */ = {isa = PBXFileReference; fileEncoding = 4; lastKnownFileType = sourcecode.swift; path = CircleView.swift; sourceTree = "<group>"; };
/* End PBXFileReference section */

/* Begin PBXFrameworksBuildPhase section */
		694D5BB01BF020E9007D0EAA /* Frameworks */ = {
			isa = PBXFrameworksBuildPhase;
			buildActionMask = 2147483647;
			files = (
			);
			runOnlyForDeploymentPostprocessing = 0;
		};
		694D5BC41BF020EA007D0EAA /* Frameworks */ = {
			isa = PBXFrameworksBuildPhase;
			buildActionMask = 2147483647;
			files = (
			);
			runOnlyForDeploymentPostprocessing = 0;
		};
		694D5BCF1BF020EA007D0EAA /* Frameworks */ = {
			isa = PBXFrameworksBuildPhase;
			buildActionMask = 2147483647;
			files = (
			);
			runOnlyForDeploymentPostprocessing = 0;
		};
/* End PBXFrameworksBuildPhase section */

/* Begin PBXGroup section */
		694D5BAA1BF020E9007D0EAA = {
			isa = PBXGroup;
			children = (
				694D5BB51BF020E9007D0EAA /* SensitiveDemo */,
				694D5BCA1BF020EA007D0EAA /* SensitiveDemoTests */,
				694D5BD51BF020EA007D0EAA /* SensitiveDemoUITests */,
				694D5BB41BF020E9007D0EAA /* Products */,
			);
			sourceTree = "<group>";
		};
		694D5BB41BF020E9007D0EAA /* Products */ = {
			isa = PBXGroup;
			children = (
				694D5BB31BF020E9007D0EAA /* SensitiveDemo.app */,
				694D5BC71BF020EA007D0EAA /* SensitiveDemoTests.xctest */,
				694D5BD21BF020EA007D0EAA /* SensitiveDemoUITests.xctest */,
			);
			name = Products;
			sourceTree = "<group>";
		};
		694D5BB51BF020E9007D0EAA /* SensitiveDemo */ = {
			isa = PBXGroup;
			children = (
				697A752E1BF1706F00229272 /* Classes */,
				697A752F1BF1706F00229272 /* Extensions */,
				694D5BE41BF02114007D0EAA /* Flows */,
				698893AC1D92F04300EC97F9 /* Libraries */,
				694D5BB61BF020E9007D0EAA /* AppDelegate.swift */,
				694D5BBD1BF020EA007D0EAA /* Assets.xcassets */,
				694D5BBF1BF020EA007D0EAA /* LaunchScreen.storyboard */,
				694D5BC21BF020EA007D0EAA /* Info.plist */,
			);
			path = SensitiveDemo;
			sourceTree = "<group>";
		};
		694D5BCA1BF020EA007D0EAA /* SensitiveDemoTests */ = {
			isa = PBXGroup;
			children = (
				694D5BCB1BF020EA007D0EAA /* SensitiveDemoTests.swift */,
				694D5BCD1BF020EA007D0EAA /* Info.plist */,
			);
			path = SensitiveDemoTests;
			sourceTree = "<group>";
		};
		694D5BD51BF020EA007D0EAA /* SensitiveDemoUITests */ = {
			isa = PBXGroup;
			children = (
				694D5BD61BF020EA007D0EAA /* SensitiveDemoUITests.swift */,
				694D5BD81BF020EA007D0EAA /* Info.plist */,
			);
			path = SensitiveDemoUITests;
			sourceTree = "<group>";
		};
		694D5BE41BF02114007D0EAA /* Flows */ = {
			isa = PBXGroup;
			children = (
				695A3D2E1BF168CC008E3B45 /* Main */,
				69A1D5D41C39D8FB00ED2B7A /* Shared */,
			);
			path = Flows;
			sourceTree = "<group>";
		};
		695A3D2E1BF168CC008E3B45 /* Main */ = {
			isa = PBXGroup;
			children = (
				695A3D2F1BF168CC008E3B45 /* MainViewController */,
			);
			path = Main;
			sourceTree = "<group>";
		};
		695A3D2F1BF168CC008E3B45 /* MainViewController */ = {
			isa = PBXGroup;
			children = (
				695A3D301BF168CC008E3B45 /* MainViewController.swift */,
				695A3D311BF168CC008E3B45 /* MainViewController.xib */,
			);
			path = MainViewController;
			sourceTree = "<group>";
		};
		697A752E1BF1706F00229272 /* Classes */ = {
			isa = PBXGroup;
			children = (
			);
			path = Classes;
			sourceTree = "<group>";
		};
		697A752F1BF1706F00229272 /* Extensions */ = {
			isa = PBXGroup;
			children = (
				697A75301BF1707900229272 /* Colors */,
			);
			path = Extensions;
			sourceTree = "<group>";
		};
		697A75301BF1707900229272 /* Colors */ = {
			isa = PBXGroup;
			children = (
				697A75311BF1708500229272 /* UIColorExtensionListOfColors.swift */,
			);
			path = Colors;
			sourceTree = "<group>";
		};
		698893AC1D92F04300EC97F9 /* Libraries */ = {
			isa = PBXGroup;
			children = (
				698893AD1D92F05A00EC97F9 /* Sensitive */,
			);
			path = Libraries;
			sourceTree = "<group>";
		};
		698893AD1D92F05A00EC97F9 /* Sensitive */ = {
			isa = PBXGroup;
			children = (
				698893AE1D92F05A00EC97F9 /* Extensions */,
				698893B11D92F05A00EC97F9 /* GestureRecognizers */,
			);
			name = Sensitive;
			path = ../../../../Sensitive;
			sourceTree = "<group>";
		};
		698893AE1D92F05A00EC97F9 /* Extensions */ = {
			isa = PBXGroup;
			children = (
				698893AF1D92F05A00EC97F9 /* View */,
			);
			path = Extensions;
			sourceTree = "<group>";
		};
		698893AF1D92F05A00EC97F9 /* View */ = {
			isa = PBXGroup;
			children = (
				698893B01D92F05A00EC97F9 /* UIViewExtensionGestures.swift */,
			);
			path = View;
			sourceTree = "<group>";
		};
		698893B11D92F05A00EC97F9 /* GestureRecognizers */ = {
			isa = PBXGroup;
			children = (
				698893B21D92F05A00EC97F9 /* LongPress */,
				698893B71D92F05A00EC97F9 /* Pan */,
				698893BC1D92F05A00EC97F9 /* Pinch */,
				698893C11D92F05A00EC97F9 /* Rotation */,
				698893C61D92F05A00EC97F9 /* ScreenEdgePan */,
				698893CB1D92F05A00EC97F9 /* Swipe */,
				698893D01D92F05A00EC97F9 /* Tap */,
			);
			path = GestureRecognizers;
			sourceTree = "<group>";
		};
		698893B21D92F05A00EC97F9 /* LongPress */ = {
			isa = PBXGroup;
			children = (
				698893B31D92F05A00EC97F9 /* SNLongPressGestureRecognizerConfigurationBlock.swift */,
				698893B41D92F05A00EC97F9 /* SNLongPressGestureRecognizer.swift */,
				698893B51D92F05A00EC97F9 /* SNLongPressGestureRecognizerHandlerBlock.swift */,
				698893B61D92F05A00EC97F9 /* SNLongPressGestureRecognizerHandler.swift */,
			);
			path = LongPress;
			sourceTree = "<group>";
		};
		698893B71D92F05A00EC97F9 /* Pan */ = {
			isa = PBXGroup;
			children = (
				698893B81D92F05A00EC97F9 /* SNPanGestureRecognizerConfigurationBlock.swift */,
				698893B91D92F05A00EC97F9 /* SNPanGestureRecognizer.swift */,
				698893BA1D92F05A00EC97F9 /* SNPanGestureRecognizerHandlerBlock.swift */,
				698893BB1D92F05A00EC97F9 /* SNPanGestureRecognizerHandler.swift */,
			);
			path = Pan;
			sourceTree = "<group>";
		};
		698893BC1D92F05A00EC97F9 /* Pinch */ = {
			isa = PBXGroup;
			children = (
				698893BD1D92F05A00EC97F9 /* SNPinchGestureRecognizerConfigurationBlock.swift */,
				698893BE1D92F05A00EC97F9 /* SNPinchGestureRecognizer.swift */,
				698893BF1D92F05A00EC97F9 /* SNPinchGestureRecognizerHandlerBlock.swift */,
				698893C01D92F05A00EC97F9 /* SNPinchGestureRecognizerHandler.swift */,
			);
			path = Pinch;
			sourceTree = "<group>";
		};
		698893C11D92F05A00EC97F9 /* Rotation */ = {
			isa = PBXGroup;
			children = (
				698893C21D92F05A00EC97F9 /* SNRotationGestureRecognizerConfigurationBlock.swift */,
				698893C31D92F05A00EC97F9 /* SNRotationGestureRecognizer.swift */,
				698893C41D92F05A00EC97F9 /* SNRotationGestureRecognizerHandlerBlock.swift */,
				698893C51D92F05A00EC97F9 /* SNRotationGestureRecognizerHandler.swift */,
			);
			path = Rotation;
			sourceTree = "<group>";
		};
		698893C61D92F05A00EC97F9 /* ScreenEdgePan */ = {
			isa = PBXGroup;
			children = (
				698893C71D92F05A00EC97F9 /* SNScreenEdgePanGestureRecognizerConfigurationBlock.swift */,
				698893C81D92F05A00EC97F9 /* SNScreenEdgePanGestureRecognizerHandler.swift */,
				698893C91D92F05A00EC97F9 /* SNScreenEdgePanGestureRecognizerHandlerBlock.swift */,
				698893CA1D92F05A00EC97F9 /* SNScreenEdgePanGestureRecognizer.swift */,
			);
			path = ScreenEdgePan;
			sourceTree = "<group>";
		};
		698893CB1D92F05A00EC97F9 /* Swipe */ = {
			isa = PBXGroup;
			children = (
				698893CC1D92F05A00EC97F9 /* SNSwipeGestureRecognizerConfigurationBlock.swift */,
				698893CD1D92F05A00EC97F9 /* SNSwipeGestureRecognizer.swift */,
				698893CE1D92F05A00EC97F9 /* SNSwipeGestureRecognizerHandlerBlock.swift */,
				698893CF1D92F05A00EC97F9 /* SNSwipeGestureRecognizerHandler.swift */,
			);
			path = Swipe;
			sourceTree = "<group>";
		};
		698893D01D92F05A00EC97F9 /* Tap */ = {
			isa = PBXGroup;
			children = (
				698893D11D92F05A00EC97F9 /* SNTapGestureRecognizerConfigurationBlock.swift */,
				698893D21D92F05A00EC97F9 /* SNTapGestureRecognizerHandler.swift */,
				698893D31D92F05A00EC97F9 /* SNTapGestureRecognizer.swift */,
				698893D41D92F05A00EC97F9 /* SNTapGestureRecognizerHandlerBlock.swift */,
			);
			path = Tap;
			sourceTree = "<group>";
		};
		69A1D5D41C39D8FB00ED2B7A /* Shared */ = {
			isa = PBXGroup;
			children = (
				69A1D5D51C39D8FB00ED2B7A /* CircleView */,
			);
			path = Shared;
			sourceTree = "<group>";
		};
		69A1D5D51C39D8FB00ED2B7A /* CircleView */ = {
			isa = PBXGroup;
			children = (
				69A1D5D61C39D91200ED2B7A /* CircleView.swift */,
			);
			path = CircleView;
			sourceTree = "<group>";
		};
/* End PBXGroup section */

/* Begin PBXNativeTarget section */
		694D5BB21BF020E9007D0EAA /* SensitiveDemo */ = {
			isa = PBXNativeTarget;
			buildConfigurationList = 694D5BDB1BF020EA007D0EAA /* Build configuration list for PBXNativeTarget "SensitiveDemo" */;
			buildPhases = (
				694D5BAF1BF020E9007D0EAA /* Sources */,
				694D5BB01BF020E9007D0EAA /* Frameworks */,
				694D5BB11BF020E9007D0EAA /* Resources */,
			);
			buildRules = (
			);
			dependencies = (
			);
			name = SensitiveDemo;
			productName = SensitiveDemo;
			productReference = 694D5BB31BF020E9007D0EAA /* SensitiveDemo.app */;
			productType = "com.apple.product-type.application";
		};
		694D5BC61BF020EA007D0EAA /* SensitiveDemoTests */ = {
			isa = PBXNativeTarget;
			buildConfigurationList = 694D5BDE1BF020EA007D0EAA /* Build configuration list for PBXNativeTarget "SensitiveDemoTests" */;
			buildPhases = (
				694D5BC31BF020EA007D0EAA /* Sources */,
				694D5BC41BF020EA007D0EAA /* Frameworks */,
				694D5BC51BF020EA007D0EAA /* Resources */,
			);
			buildRules = (
			);
			dependencies = (
				694D5BC91BF020EA007D0EAA /* PBXTargetDependency */,
			);
			name = SensitiveDemoTests;
			productName = SensitiveDemoTests;
			productReference = 694D5BC71BF020EA007D0EAA /* SensitiveDemoTests.xctest */;
			productType = "com.apple.product-type.bundle.unit-test";
		};
		694D5BD11BF020EA007D0EAA /* SensitiveDemoUITests */ = {
			isa = PBXNativeTarget;
			buildConfigurationList = 694D5BE11BF020EA007D0EAA /* Build configuration list for PBXNativeTarget "SensitiveDemoUITests" */;
			buildPhases = (
				694D5BCE1BF020EA007D0EAA /* Sources */,
				694D5BCF1BF020EA007D0EAA /* Frameworks */,
				694D5BD01BF020EA007D0EAA /* Resources */,
			);
			buildRules = (
			);
			dependencies = (
				694D5BD41BF020EA007D0EAA /* PBXTargetDependency */,
			);
			name = SensitiveDemoUITests;
			productName = SensitiveDemoUITests;
			productReference = 694D5BD21BF020EA007D0EAA /* SensitiveDemoUITests.xctest */;
			productType = "com.apple.product-type.bundle.ui-testing";
		};
/* End PBXNativeTarget section */

/* Begin PBXProject section */
		694D5BAB1BF020E9007D0EAA /* Project object */ = {
			isa = PBXProject;
			attributes = {
				LastSwiftUpdateCheck = 0710;
				LastUpgradeCheck = 0710;
				ORGANIZATIONNAME = "Igor Matyushkin";
				TargetAttributes = {
					694D5BB21BF020E9007D0EAA = {
						CreatedOnToolsVersion = 7.1;
						LastSwiftMigration = 0800;
					};
					694D5BC61BF020EA007D0EAA = {
						CreatedOnToolsVersion = 7.1;
						LastSwiftMigration = 0800;
						TestTargetID = 694D5BB21BF020E9007D0EAA;
					};
					694D5BD11BF020EA007D0EAA = {
						CreatedOnToolsVersion = 7.1;
						LastSwiftMigration = 0800;
						TestTargetID = 694D5BB21BF020E9007D0EAA;
					};
				};
			};
			buildConfigurationList = 694D5BAE1BF020E9007D0EAA /* Build configuration list for PBXProject "SensitiveDemo" */;
			compatibilityVersion = "Xcode 3.2";
			developmentRegion = English;
			hasScannedForEncodings = 0;
			knownRegions = (
				en,
				Base,
			);
			mainGroup = 694D5BAA1BF020E9007D0EAA;
			productRefGroup = 694D5BB41BF020E9007D0EAA /* Products */;
			projectDirPath = "";
			projectRoot = "";
			targets = (
				694D5BB21BF020E9007D0EAA /* SensitiveDemo */,
				694D5BC61BF020EA007D0EAA /* SensitiveDemoTests */,
				694D5BD11BF020EA007D0EAA /* SensitiveDemoUITests */,
			);
		};
/* End PBXProject section */

/* Begin PBXResourcesBuildPhase section */
		694D5BB11BF020E9007D0EAA /* Resources */ = {
			isa = PBXResourcesBuildPhase;
			buildActionMask = 2147483647;
			files = (
				694D5BC11BF020EA007D0EAA /* LaunchScreen.storyboard in Resources */,
				695A3D361BF168CC008E3B45 /* MainViewController.xib in Resources */,
				694D5BBE1BF020EA007D0EAA /* Assets.xcassets in Resources */,
			);
			runOnlyForDeploymentPostprocessing = 0;
		};
		694D5BC51BF020EA007D0EAA /* Resources */ = {
			isa = PBXResourcesBuildPhase;
			buildActionMask = 2147483647;
			files = (
			);
			runOnlyForDeploymentPostprocessing = 0;
		};
		694D5BD01BF020EA007D0EAA /* Resources */ = {
			isa = PBXResourcesBuildPhase;
			buildActionMask = 2147483647;
			files = (
			);
			runOnlyForDeploymentPostprocessing = 0;
		};
/* End PBXResourcesBuildPhase section */

/* Begin PBXSourcesBuildPhase section */
		694D5BAF1BF020E9007D0EAA /* Sources */ = {
			isa = PBXSourcesBuildPhase;
			buildActionMask = 2147483647;
			files = (
				69A1D5D71C39D91200ED2B7A /* CircleView.swift in Sources */,
				698893E71D92F05A00EC97F9 /* SNScreenEdgePanGestureRecognizerHandler.swift in Sources */,
				698893E21D92F05A00EC97F9 /* SNRotationGestureRecognizerConfigurationBlock.swift in Sources */,
				698893E51D92F05A00EC97F9 /* SNRotationGestureRecognizerHandler.swift in Sources */,
				698893DA1D92F05A00EC97F9 /* SNPanGestureRecognizerConfigurationBlock.swift in Sources */,
				698893EB1D92F05A00EC97F9 /* SNSwipeGestureRecognizer.swift in Sources */,
				695A3D351BF168CC008E3B45 /* MainViewController.swift in Sources */,
				698893EA1D92F05A00EC97F9 /* SNSwipeGestureRecognizerConfigurationBlock.swift in Sources */,
				698893F11D92F05A00EC97F9 /* SNTapGestureRecognizerHandlerBlock.swift in Sources */,
				697A75321BF1708500229272 /* UIColorExtensionListOfColors.swift in Sources */,
				694D5BB71BF020E9007D0EAA /* AppDelegate.swift in Sources */,
				698893D51D92F05A00EC97F9 /* UIViewExtensionGestures.swift in Sources */,
				698893D91D92F05A00EC97F9 /* SNLongPressGestureRecognizerHandler.swift in Sources */,
				698893E81D92F05A00EC97F9 /* SNScreenEdgePanGestureRecognizerHandlerBlock.swift in Sources */,
				698893E31D92F05A00EC97F9 /* SNRotationGestureRecognizer.swift in Sources */,
				698893E61D92F05A00EC97F9 /* SNScreenEdgePanGestureRecognizerConfigurationBlock.swift in Sources */,
				698893DC1D92F05A00EC97F9 /* SNPanGestureRecognizerHandlerBlock.swift in Sources */,
				698893E01D92F05A00EC97F9 /* SNPinchGestureRecognizerHandlerBlock.swift in Sources */,
				698893DB1D92F05A00EC97F9 /* SNPanGestureRecognizer.swift in Sources */,
				698893DD1D92F05A00EC97F9 /* SNPanGestureRecognizerHandler.swift in Sources */,
				698893DF1D92F05A00EC97F9 /* SNPinchGestureRecognizer.swift in Sources */,
				698893F01D92F05A00EC97F9 /* SNTapGestureRecognizer.swift in Sources */,
				698893D61D92F05A00EC97F9 /* SNLongPressGestureRecognizerConfigurationBlock.swift in Sources */,
				698893D71D92F05A00EC97F9 /* SNLongPressGestureRecognizer.swift in Sources */,
				698893EC1D92F05A00EC97F9 /* SNSwipeGestureRecognizerHandlerBlock.swift in Sources */,
				698893EF1D92F05A00EC97F9 /* SNTapGestureRecognizerHandler.swift in Sources */,
				698893DE1D92F05A00EC97F9 /* SNPinchGestureRecognizerConfigurationBlock.swift in Sources */,
				698893E41D92F05A00EC97F9 /* SNRotationGestureRecognizerHandlerBlock.swift in Sources */,
				698893EE1D92F05A00EC97F9 /* SNTapGestureRecognizerConfigurationBlock.swift in Sources */,
				698893E91D92F05A00EC97F9 /* SNScreenEdgePanGestureRecognizer.swift in Sources */,
				698893ED1D92F05A00EC97F9 /* SNSwipeGestureRecognizerHandler.swift in Sources */,
				698893D81D92F05A00EC97F9 /* SNLongPressGestureRecognizerHandlerBlock.swift in Sources */,
				698893E11D92F05A00EC97F9 /* SNPinchGestureRecognizerHandler.swift in Sources */,
			);
			runOnlyForDeploymentPostprocessing = 0;
		};
		694D5BC31BF020EA007D0EAA /* Sources */ = {
			isa = PBXSourcesBuildPhase;
			buildActionMask = 2147483647;
			files = (
				694D5BCC1BF020EA007D0EAA /* SensitiveDemoTests.swift in Sources */,
			);
			runOnlyForDeploymentPostprocessing = 0;
		};
		694D5BCE1BF020EA007D0EAA /* Sources */ = {
			isa = PBXSourcesBuildPhase;
			buildActionMask = 2147483647;
			files = (
				694D5BD71BF020EA007D0EAA /* SensitiveDemoUITests.swift in Sources */,
			);
			runOnlyForDeploymentPostprocessing = 0;
		};
/* End PBXSourcesBuildPhase section */

/* Begin PBXTargetDependency section */
		694D5BC91BF020EA007D0EAA /* PBXTargetDependency */ = {
			isa = PBXTargetDependency;
			target = 694D5BB21BF020E9007D0EAA /* SensitiveDemo */;
			targetProxy = 694D5BC81BF020EA007D0EAA /* PBXContainerItemProxy */;
		};
		694D5BD41BF020EA007D0EAA /* PBXTargetDependency */ = {
			isa = PBXTargetDependency;
			target = 694D5BB21BF020E9007D0EAA /* SensitiveDemo */;
			targetProxy = 694D5BD31BF020EA007D0EAA /* PBXContainerItemProxy */;
		};
/* End PBXTargetDependency section */

/* Begin PBXVariantGroup section */
		694D5BBF1BF020EA007D0EAA /* LaunchScreen.storyboard */ = {
			isa = PBXVariantGroup;
			children = (
				694D5BC01BF020EA007D0EAA /* Base */,
			);
			name = LaunchScreen.storyboard;
			sourceTree = "<group>";
		};
/* End PBXVariantGroup section */

/* Begin XCBuildConfiguration section */
		694D5BD91BF020EA007D0EAA /* Debug */ = {
			isa = XCBuildConfiguration;
			buildSettings = {
				ALWAYS_SEARCH_USER_PATHS = NO;
				CLANG_CXX_LANGUAGE_STANDARD = "gnu++0x";
				CLANG_CXX_LIBRARY = "libc++";
				CLANG_ENABLE_MODULES = YES;
				CLANG_ENABLE_OBJC_ARC = YES;
				CLANG_WARN_BOOL_CONVERSION = YES;
				CLANG_WARN_CONSTANT_CONVERSION = YES;
				CLANG_WARN_DIRECT_OBJC_ISA_USAGE = YES_ERROR;
				CLANG_WARN_EMPTY_BODY = YES;
				CLANG_WARN_ENUM_CONVERSION = YES;
				CLANG_WARN_INT_CONVERSION = YES;
				CLANG_WARN_OBJC_ROOT_CLASS = YES_ERROR;
				CLANG_WARN_UNREACHABLE_CODE = YES;
				CLANG_WARN__DUPLICATE_METHOD_MATCH = YES;
				"CODE_SIGN_IDENTITY[sdk=iphoneos*]" = "iPhone Developer";
				COPY_PHASE_STRIP = NO;
				DEBUG_INFORMATION_FORMAT = dwarf;
				ENABLE_STRICT_OBJC_MSGSEND = YES;
				ENABLE_TESTABILITY = YES;
				GCC_C_LANGUAGE_STANDARD = gnu99;
				GCC_DYNAMIC_NO_PIC = NO;
				GCC_NO_COMMON_BLOCKS = YES;
				GCC_OPTIMIZATION_LEVEL = 0;
				GCC_PREPROCESSOR_DEFINITIONS = (
					"DEBUG=1",
					"$(inherited)",
				);
				GCC_WARN_64_TO_32_BIT_CONVERSION = YES;
				GCC_WARN_ABOUT_RETURN_TYPE = YES_ERROR;
				GCC_WARN_UNDECLARED_SELECTOR = YES;
				GCC_WARN_UNINITIALIZED_AUTOS = YES_AGGRESSIVE;
				GCC_WARN_UNUSED_FUNCTION = YES;
				GCC_WARN_UNUSED_VARIABLE = YES;
				IPHONEOS_DEPLOYMENT_TARGET = 9.1;
				MTL_ENABLE_DEBUG_INFO = YES;
				ONLY_ACTIVE_ARCH = YES;
				SDKROOT = iphoneos;
				SWIFT_OPTIMIZATION_LEVEL = "-Onone";
			};
			name = Debug;
		};
		694D5BDA1BF020EA007D0EAA /* Release */ = {
			isa = XCBuildConfiguration;
			buildSettings = {
				ALWAYS_SEARCH_USER_PATHS = NO;
				CLANG_CXX_LANGUAGE_STANDARD = "gnu++0x";
				CLANG_CXX_LIBRARY = "libc++";
				CLANG_ENABLE_MODULES = YES;
				CLANG_ENABLE_OBJC_ARC = YES;
				CLANG_WARN_BOOL_CONVERSION = YES;
				CLANG_WARN_CONSTANT_CONVERSION = YES;
				CLANG_WARN_DIRECT_OBJC_ISA_USAGE = YES_ERROR;
				CLANG_WARN_EMPTY_BODY = YES;
				CLANG_WARN_ENUM_CONVERSION = YES;
				CLANG_WARN_INT_CONVERSION = YES;
				CLANG_WARN_OBJC_ROOT_CLASS = YES_ERROR;
				CLANG_WARN_UNREACHABLE_CODE = YES;
				CLANG_WARN__DUPLICATE_METHOD_MATCH = YES;
				"CODE_SIGN_IDENTITY[sdk=iphoneos*]" = "iPhone Developer";
				COPY_PHASE_STRIP = NO;
				DEBUG_INFORMATION_FORMAT = "dwarf-with-dsym";
				ENABLE_NS_ASSERTIONS = NO;
				ENABLE_STRICT_OBJC_MSGSEND = YES;
				GCC_C_LANGUAGE_STANDARD = gnu99;
				GCC_NO_COMMON_BLOCKS = YES;
				GCC_WARN_64_TO_32_BIT_CONVERSION = YES;
				GCC_WARN_ABOUT_RETURN_TYPE = YES_ERROR;
				GCC_WARN_UNDECLARED_SELECTOR = YES;
				GCC_WARN_UNINITIALIZED_AUTOS = YES_AGGRESSIVE;
				GCC_WARN_UNUSED_FUNCTION = YES;
				GCC_WARN_UNUSED_VARIABLE = YES;
				IPHONEOS_DEPLOYMENT_TARGET = 9.1;
				MTL_ENABLE_DEBUG_INFO = NO;
				SDKROOT = iphoneos;
				VALIDATE_PRODUCT = YES;
			};
			name = Release;
		};
		694D5BDC1BF020EA007D0EAA /* Debug */ = {
			isa = XCBuildConfiguration;
			buildSettings = {
				ASSETCATALOG_COMPILER_APPICON_NAME = AppIcon;
				INFOPLIST_FILE = SensitiveDemo/Info.plist;
				IPHONEOS_DEPLOYMENT_TARGET = 8.0;
				LD_RUNPATH_SEARCH_PATHS = "$(inherited) @executable_path/Frameworks";
				PRODUCT_BUNDLE_IDENTIFIER = com.visuality.SensitiveDemo;
				PRODUCT_NAME = "$(TARGET_NAME)";
				SWIFT_VERSION = 3.0;
			};
			name = Debug;
		};
		694D5BDD1BF020EA007D0EAA /* Release */ = {
			isa = XCBuildConfiguration;
			buildSettings = {
				ASSETCATALOG_COMPILER_APPICON_NAME = AppIcon;
				INFOPLIST_FILE = SensitiveDemo/Info.plist;
				IPHONEOS_DEPLOYMENT_TARGET = 8.0;
				LD_RUNPATH_SEARCH_PATHS = "$(inherited) @executable_path/Frameworks";
				PRODUCT_BUNDLE_IDENTIFIER = com.visuality.SensitiveDemo;
				PRODUCT_NAME = "$(TARGET_NAME)";
				SWIFT_VERSION = 3.0;
			};
			name = Release;
		};
		694D5BDF1BF020EA007D0EAA /* Debug */ = {
			isa = XCBuildConfiguration;
			buildSettings = {
				BUNDLE_LOADER = "$(TEST_HOST)";
				INFOPLIST_FILE = SensitiveDemoTests/Info.plist;
				LD_RUNPATH_SEARCH_PATHS = "$(inherited) @executable_path/Frameworks @loader_path/Frameworks";
				PRODUCT_BUNDLE_IDENTIFIER = com.visuality.SensitiveDemoTests;
				PRODUCT_NAME = "$(TARGET_NAME)";
				SWIFT_VERSION = 3.0;
				TEST_HOST = "$(BUILT_PRODUCTS_DIR)/SensitiveDemo.app/SensitiveDemo";
			};
			name = Debug;
		};
		694D5BE01BF020EA007D0EAA /* Release */ = {
			isa = XCBuildConfiguration;
			buildSettings = {
				BUNDLE_LOADER = "$(TEST_HOST)";
				INFOPLIST_FILE = SensitiveDemoTests/Info.plist;
				LD_RUNPATH_SEARCH_PATHS = "$(inherited) @executable_path/Frameworks @loader_path/Frameworks";
				PRODUCT_BUNDLE_IDENTIFIER = com.visuality.SensitiveDemoTests;
				PRODUCT_NAME = "$(TARGET_NAME)";
				SWIFT_VERSION = 3.0;
				TEST_HOST = "$(BUILT_PRODUCTS_DIR)/SensitiveDemo.app/SensitiveDemo";
			};
			name = Release;
		};
		694D5BE21BF020EA007D0EAA /* Debug */ = {
			isa = XCBuildConfiguration;
			buildSettings = {
				INFOPLIST_FILE = SensitiveDemoUITests/Info.plist;
				LD_RUNPATH_SEARCH_PATHS = "$(inherited) @executable_path/Frameworks @loader_path/Frameworks";
				PRODUCT_BUNDLE_IDENTIFIER = com.visuality.SensitiveDemoUITests;
				PRODUCT_NAME = "$(TARGET_NAME)";
				SWIFT_VERSION = 3.0;
				TEST_TARGET_NAME = SensitiveDemo;
				USES_XCTRUNNER = YES;
			};
			name = Debug;
		};
		694D5BE31BF020EA007D0EAA /* Release */ = {
			isa = XCBuildConfiguration;
			buildSettings = {
				INFOPLIST_FILE = SensitiveDemoUITests/Info.plist;
				LD_RUNPATH_SEARCH_PATHS = "$(inherited) @executable_path/Frameworks @loader_path/Frameworks";
				PRODUCT_BUNDLE_IDENTIFIER = com.visuality.SensitiveDemoUITests;
				PRODUCT_NAME = "$(TARGET_NAME)";
				SWIFT_VERSION = 3.0;
				TEST_TARGET_NAME = SensitiveDemo;
				USES_XCTRUNNER = YES;
			};
			name = Release;
		};
/* End XCBuildConfiguration section */

/* Begin XCConfigurationList section */
		694D5BAE1BF020E9007D0EAA /* Build configuration list for PBXProject "SensitiveDemo" */ = {
			isa = XCConfigurationList;
			buildConfigurations = (
				694D5BD91BF020EA007D0EAA /* Debug */,
				694D5BDA1BF020EA007D0EAA /* Release */,
			);
			defaultConfigurationIsVisible = 0;
			defaultConfigurationName = Release;
		};
		694D5BDB1BF020EA007D0EAA /* Build configuration list for PBXNativeTarget "SensitiveDemo" */ = {
			isa = XCConfigurationList;
			buildConfigurations = (
				694D5BDC1BF020EA007D0EAA /* Debug */,
				694D5BDD1BF020EA007D0EAA /* Release */,
			);
			defaultConfigurationIsVisible = 0;
			defaultConfigurationName = Release;
		};
		694D5BDE1BF020EA007D0EAA /* Build configuration list for PBXNativeTarget "SensitiveDemoTests" */ = {
			isa = XCConfigurationList;
			buildConfigurations = (
				694D5BDF1BF020EA007D0EAA /* Debug */,
				694D5BE01BF020EA007D0EAA /* Release */,
			);
			defaultConfigurationIsVisible = 0;
			defaultConfigurationName = Release;
		};
		694D5BE11BF020EA007D0EAA /* Build configuration list for PBXNativeTarget "SensitiveDemoUITests" */ = {
			isa = XCConfigurationList;
			buildConfigurations = (
				694D5BE21BF020EA007D0EAA /* Debug */,
				694D5BE31BF020EA007D0EAA /* Release */,
			);
			defaultConfigurationIsVisible = 0;
			defaultConfigurationName = Release;
		};
/* End XCConfigurationList section */
	};
	rootObject = 694D5BAB1BF020E9007D0EAA /* Project object */;
}
